
Microsoft Visual Studio Solution File, Format Version 12.00
# Visual Studio 15
VisualStudioVersion = 15.0.26124.0
MinimumVisualStudioVersion = 15.0.26124.0
Project("{2150E333-8FDC-42A3-9474-1A3956D46DE8}") = "src", "src", "{6A1E0C57-A046-403E-AA03-EB56913991DD}"
EndProject
Project("{FAE04EC0-301F-11D3-BF4B-00C04F79EFBC}") = "AP.MobileToolkit.Fonts", "src\AP.MobileToolkit.Fonts\AP.MobileToolkit.Fonts.csproj", "{F407F6E1-EEE2-4CAA-8D4D-AC0BB5243E6F}"
EndProject
Project("{2150E333-8FDC-42A3-9474-1A3956D46DE8}") = "tests", "tests", "{A121FCC4-02EC-4F96-A94E-1C7D935B8B66}"
EndProject
Project("{FAE04EC0-301F-11D3-BF4B-00C04F79EFBC}") = "AP.MobileToolkit.Fonts.Tests", "tests\AP.MobileToolkit.Fonts.Tests\AP.MobileToolkit.Fonts.Tests.csproj", "{32F4F2C7-EF3C-4A3B-BA86-9CD4759F7C70}"
EndProject
Project("{FAE04EC0-301F-11D3-BF4B-00C04F79EFBC}") = "AP.MobileToolkit.Fonts.FontAwesomeFree.Brands", "src\AP.MobileToolkit.Fonts.FontAwesomeFree.Brands\AP.MobileToolkit.Fonts.FontAwesomeFree.Brands.csproj", "{9BB8EB7D-8C71-47CC-B524-F5C6D5A562FB}"
EndProject
Project("{FAE04EC0-301F-11D3-BF4B-00C04F79EFBC}") = "AP.MobileToolkit.Fonts.FontAwesomeFree.Solid", "src\AP.MobileToolkit.Fonts.FontAwesomeFree.Solid\AP.MobileToolkit.Fonts.FontAwesomeFree.Solid.csproj", "{2AEF93D1-EE3C-44A7-BBF2-078D614A158F}"
EndProject
Project("{FAE04EC0-301F-11D3-BF4B-00C04F79EFBC}") = "AP.MobileToolkit.Fonts.FontAwesomeFree.Regular", "src\AP.MobileToolkit.Fonts.FontAwesomeFree.Regular\AP.MobileToolkit.Fonts.FontAwesomeFree.Regular.csproj", "{8166DE03-DDC8-482B-B2E1-D918FD0B8143}"
EndProject
Global
	GlobalSection(SolutionConfigurationPlatforms) = preSolution
		Debug|Any CPU = Debug|Any CPU
		Debug|x64 = Debug|x64
		Debug|x86 = Debug|x86
		Release|Any CPU = Release|Any CPU
		Release|x64 = Release|x64
		Release|x86 = Release|x86
	EndGlobalSection
	GlobalSection(SolutionProperties) = preSolution
		HideSolutionNode = FALSE
	EndGlobalSection
	GlobalSection(ProjectConfigurationPlatforms) = postSolution
		{F407F6E1-EEE2-4CAA-8D4D-AC0BB5243E6F}.Debug|Any CPU.ActiveCfg = Debug|Any CPU
		{F407F6E1-EEE2-4CAA-8D4D-AC0BB5243E6F}.Debug|Any CPU.Build.0 = Debug|Any CPU
		{F407F6E1-EEE2-4CAA-8D4D-AC0BB5243E6F}.Debug|x64.ActiveCfg = Debug|Any CPU
		{F407F6E1-EEE2-4CAA-8D4D-AC0BB5243E6F}.Debug|x64.Build.0 = Debug|Any CPU
		{F407F6E1-EEE2-4CAA-8D4D-AC0BB5243E6F}.Debug|x86.ActiveCfg = Debug|Any CPU
		{F407F6E1-EEE2-4CAA-8D4D-AC0BB5243E6F}.Debug|x86.Build.0 = Debug|Any CPU
		{F407F6E1-EEE2-4CAA-8D4D-AC0BB5243E6F}.Release|Any CPU.ActiveCfg = Release|Any CPU
		{F407F6E1-EEE2-4CAA-8D4D-AC0BB5243E6F}.Release|Any CPU.Build.0 = Release|Any CPU
		{F407F6E1-EEE2-4CAA-8D4D-AC0BB5243E6F}.Release|x64.ActiveCfg = Release|Any CPU
		{F407F6E1-EEE2-4CAA-8D4D-AC0BB5243E6F}.Release|x64.Build.0 = Release|Any CPU
		{F407F6E1-EEE2-4CAA-8D4D-AC0BB5243E6F}.Release|x86.ActiveCfg = Release|Any CPU
		{F407F6E1-EEE2-4CAA-8D4D-AC0BB5243E6F}.Release|x86.Build.0 = Release|Any CPU
		{32F4F2C7-EF3C-4A3B-BA86-9CD4759F7C70}.Debug|Any CPU.ActiveCfg = Debug|Any CPU
		{32F4F2C7-EF3C-4A3B-BA86-9CD4759F7C70}.Debug|Any CPU.Build.0 = Debug|Any CPU
		{32F4F2C7-EF3C-4A3B-BA86-9CD4759F7C70}.Debug|x64.ActiveCfg = Debug|Any CPU
		{32F4F2C7-EF3C-4A3B-BA86-9CD4759F7C70}.Debug|x64.Build.0 = Debug|Any CPU
		{32F4F2C7-EF3C-4A3B-BA86-9CD4759F7C70}.Debug|x86.ActiveCfg = Debug|Any CPU
		{32F4F2C7-EF3C-4A3B-BA86-9CD4759F7C70}.Debug|x86.Build.0 = Debug|Any CPU
		{32F4F2C7-EF3C-4A3B-BA86-9CD4759F7C70}.Release|Any CPU.ActiveCfg = Release|Any CPU
		{32F4F2C7-EF3C-4A3B-BA86-9CD4759F7C70}.Release|Any CPU.Build.0 = Release|Any CPU
		{32F4F2C7-EF3C-4A3B-BA86-9CD4759F7C70}.Release|x64.ActiveCfg = Release|Any CPU
		{32F4F2C7-EF3C-4A3B-BA86-9CD4759F7C70}.Release|x64.Build.0 = Release|Any CPU
		{32F4F2C7-EF3C-4A3B-BA86-9CD4759F7C70}.Release|x86.ActiveCfg = Release|Any CPU
		{32F4F2C7-EF3C-4A3B-BA86-9CD4759F7C70}.Release|x86.Build.0 = Release|Any CPU
		{9BB8EB7D-8C71-47CC-B524-F5C6D5A562FB}.Debug|Any CPU.ActiveCfg = Debug|Any CPU
		{9BB8EB7D-8C71-47CC-B524-F5C6D5A562FB}.Debug|Any CPU.Build.0 = Debug|Any CPU
		{9BB8EB7D-8C71-47CC-B524-F5C6D5A562FB}.Debug|x64.ActiveCfg = Debug|Any CPU
		{9BB8EB7D-8C71-47CC-B524-F5C6D5A562FB}.Debug|x64.Build.0 = Debug|Any CPU
		{9BB8EB7D-8C71-47CC-B524-F5C6D5A562FB}.Debug|x86.ActiveCfg = Debug|Any CPU
		{9BB8EB7D-8C71-47CC-B524-F5C6D5A562FB}.Debug|x86.Build.0 = Debug|Any CPU
		{9BB8EB7D-8C71-47CC-B524-F5C6D5A562FB}.Release|Any CPU.ActiveCfg = Release|Any CPU
		{9BB8EB7D-8C71-47CC-B524-F5C6D5A562FB}.Release|Any CPU.Build.0 = Release|Any CPU
		{9BB8EB7D-8C71-47CC-B524-F5C6D5A562FB}.Release|x64.ActiveCfg = Release|Any CPU
		{9BB8EB7D-8C71-47CC-B524-F5C6D5A562FB}.Release|x64.Build.0 = Release|Any CPU
		{9BB8EB7D-8C71-47CC-B524-F5C6D5A562FB}.Release|x86.ActiveCfg = Release|Any CPU
		{9BB8EB7D-8C71-47CC-B524-F5C6D5A562FB}.Release|x86.Build.0 = Release|Any CPU
		{2AEF93D1-EE3C-44A7-BBF2-078D614A158F}.Debug|Any CPU.ActiveCfg = Debug|Any CPU
		{2AEF93D1-EE3C-44A7-BBF2-078D614A158F}.Debug|Any CPU.Build.0 = Debug|Any CPU
		{2AEF93D1-EE3C-44A7-BBF2-078D614A158F}.Debug|x64.ActiveCfg = Debug|Any CPU
		{2AEF93D1-EE3C-44A7-BBF2-078D614A158F}.Debug|x64.Build.0 = Debug|Any CPU
		{2AEF93D1-EE3C-44A7-BBF2-078D614A158F}.Debug|x86.ActiveCfg = Debug|Any CPU
		{2AEF93D1-EE3C-44A7-BBF2-078D614A158F}.Debug|x86.Build.0 = Debug|Any CPU
		{2AEF93D1-EE3C-44A7-BBF2-078D614A158F}.Release|Any CPU.ActiveCfg = Release|Any CPU
		{2AEF93D1-EE3C-44A7-BBF2-078D614A158F}.Release|Any CPU.Build.0 = Release|Any CPU
		{2AEF93D1-EE3C-44A7-BBF2-078D614A158F}.Release|x64.ActiveCfg = Release|Any CPU
		{2AEF93D1-EE3C-44A7-BBF2-078D614A158F}.Release|x64.Build.0 = Release|Any CPU
		{2AEF93D1-EE3C-44A7-BBF2-078D614A158F}.Release|x86.ActiveCfg = Release|Any CPU
		{2AEF93D1-EE3C-44A7-BBF2-078D614A158F}.Release|x86.Build.0 = Release|Any CPU
		{8166DE03-DDC8-482B-B2E1-D918FD0B8143}.Debug|Any CPU.ActiveCfg = Debug|Any CPU
		{8166DE03-DDC8-482B-B2E1-D918FD0B8143}.Debug|Any CPU.Build.0 = Debug|Any CPU
		{8166DE03-DDC8-482B-B2E1-D918FD0B8143}.Debug|x64.ActiveCfg = Debug|Any CPU
		{8166DE03-DDC8-482B-B2E1-D918FD0B8143}.Debug|x64.Build.0 = Debug|Any CPU
		{8166DE03-DDC8-482B-B2E1-D918FD0B8143}.Debug|x86.ActiveCfg = Debug|Any CPU
		{8166DE03-DDC8-482B-B2E1-D918FD0B8143}.Debug|x86.Build.0 = Debug|Any CPU
		{8166DE03-DDC8-482B-B2E1-D918FD0B8143}.Release|Any CPU.ActiveCfg = Release|Any CPU
		{8166DE03-DDC8-482B-B2E1-D918FD0B8143}.Release|Any CPU.Build.0 = Release|Any CPU
		{8166DE03-DDC8-482B-B2E1-D918FD0B8143}.Release|x64.ActiveCfg = Release|Any CPU
		{8166DE03-DDC8-482B-B2E1-D918FD0B8143}.Release|x64.Build.0 = Release|Any CPU
		{8166DE03-DDC8-482B-B2E1-D918FD0B8143}.Release|x86.ActiveCfg = Release|Any CPU
		{8166DE03-DDC8-482B-B2E1-D918FD0B8143}.Release|x86.Build.0 = Release|Any CPU
	EndGlobalSection
	GlobalSection(NestedProjects) = preSolution
		{F407F6E1-EEE2-4CAA-8D4D-AC0BB5243E6F} = {6A1E0C57-A046-403E-AA03-EB56913991DD}
		{32F4F2C7-EF3C-4A3B-BA86-9CD4759F7C70} = {A121FCC4-02EC-4F96-A94E-1C7D935B8B66}
		{9BB8EB7D-8C71-47CC-B524-F5C6D5A562FB} = {6A1E0C57-A046-403E-AA03-EB56913991DD}
		{2AEF93D1-EE3C-44A7-BBF2-078D614A158F} = {6A1E0C57-A046-403E-AA03-EB56913991DD}
		{8166DE03-DDC8-482B-B2E1-D918FD0B8143} = {6A1E0C57-A046-403E-AA03-EB56913991DD}
	EndGlobalSection
EndGlobal
