
Microsoft Visual Studio Solution File, Format Version 12.00
# Visual Studio Version 16
VisualStudioVersion = 16.0.30011.22
MinimumVisualStudioVersion = 15.0.26124.0
Project("{2150E333-8FDC-42A3-9474-1A3956D46DE8}") = "src", "src", "{6A1E0C57-A046-403E-AA03-EB56913991DD}"
EndProject
Project("{9A19103F-16F7-4668-BE54-9A1E7A4F7556}") = "AP.MobileToolkit.WinUI.Fonts", "src\winui\AP.MobileToolkit.WinUI.Fonts\AP.MobileToolkit.WinUI.Fonts.csproj", "{F407F6E1-EEE2-4CAA-8D4D-AC0BB5243E6F}"
EndProject
Project("{2150E333-8FDC-42A3-9474-1A3956D46DE8}") = "tests", "tests", "{A121FCC4-02EC-4F96-A94E-1C7D935B8B66}"
EndProject
Project("{9A19103F-16F7-4668-BE54-9A1E7A4F7556}") = "AP.MobileToolkit.Fonts.Tests", "tests\AP.MobileToolkit.Fonts.Tests\AP.MobileToolkit.Fonts.Tests.csproj", "{32F4F2C7-EF3C-4A3B-BA86-9CD4759F7C70}"
EndProject
Project("{9A19103F-16F7-4668-BE54-9A1E7A4F7556}") = "AP.MobileToolkit.Forms.Fonts.FontAwesomeFree.Brands", "src\forms\AP.MobileToolkit.Forms.Fonts.FontAwesomeFree.Brands\AP.MobileToolkit.Forms.Fonts.FontAwesomeFree.Brands.csproj", "{9BB8EB7D-8C71-47CC-B524-F5C6D5A562FB}"
EndProject
Project("{9A19103F-16F7-4668-BE54-9A1E7A4F7556}") = "AP.MobileToolkit.Forms.Fonts.FontAwesomeFree.Solid", "src\forms\AP.MobileToolkit.Forms.Fonts.FontAwesomeFree.Solid\AP.MobileToolkit.Forms.Fonts.FontAwesomeFree.Solid.csproj", "{2AEF93D1-EE3C-44A7-BBF2-078D614A158F}"
EndProject
Project("{9A19103F-16F7-4668-BE54-9A1E7A4F7556}") = "AP.MobileToolkit.Forms.Fonts.FontAwesomeFree.Regular", "src\forms\AP.MobileToolkit.Forms.Fonts.FontAwesomeFree.Regular\AP.MobileToolkit.Forms.Fonts.FontAwesomeFree.Regular.csproj", "{8166DE03-DDC8-482B-B2E1-D918FD0B8143}"
EndProject
Project("{2150E333-8FDC-42A3-9474-1A3956D46DE8}") = "sample", "sample", "{5E639A96-DA0C-4C39-BC31-538597B70325}"
EndProject
Project("{FAE04EC0-301F-11D3-BF4B-00C04F79EFBC}") = "SampleFonts.UWP", "sample\SampleFonts\SampleFonts.UWP\SampleFonts.UWP.csproj", "{4C9A24A5-D42C-40A0-B8AA-DC942CBB0FAD}"
EndProject
Project("{FAE04EC0-301F-11D3-BF4B-00C04F79EFBC}") = "SampleFonts.Android", "sample\SampleFonts\SampleFonts.Android\SampleFonts.Android.csproj", "{94DF30CA-936E-4E0C-8EB2-A3CDE391B483}"
EndProject
Project("{FAE04EC0-301F-11D3-BF4B-00C04F79EFBC}") = "SampleFonts.iOS", "sample\SampleFonts\SampleFonts.iOS\SampleFonts.iOS.csproj", "{179E5957-8BD8-4AAC-BAD3-CDE4B30286DD}"
EndProject
Project("{9A19103F-16F7-4668-BE54-9A1E7A4F7556}") = "SampleFonts", "sample\SampleFonts\SampleFonts\SampleFonts.csproj", "{04B78821-189D-4B2C-9497-B3BE937666EF}"
EndProject
Project("{2150E333-8FDC-42A3-9474-1A3956D46DE8}") = "Forms", "Forms", "{4B7CAF6E-6323-4F14-8DD3-FAC3D89341EE}"
EndProject
Project("{9A19103F-16F7-4668-BE54-9A1E7A4F7556}") = "AP.MobileToolkit.Forms.Fonts", "src\forms\AP.MobileToolkit.Forms.Fonts\AP.MobileToolkit.Forms.Fonts.csproj", "{24B4D827-8733-4BB9-B28C-EF6280EBF983}"
EndProject
Project("{2150E333-8FDC-42A3-9474-1A3956D46DE8}") = "WinUI", "WinUI", "{9A577E59-63A3-42E3-A0B8-92C25D443ABF}"
EndProject
Project("{2150E333-8FDC-42A3-9474-1A3956D46DE8}") = "Maui", "Maui", "{A7CBBD90-F92E-4429-9C8B-2C06795EDCF0}"
EndProject
Project("{2150E333-8FDC-42A3-9474-1A3956D46DE8}") = "forms", "forms", "{68AE961F-BE46-4414-A198-0B3C14AF10E0}"
EndProject
Project("{9A19103F-16F7-4668-BE54-9A1E7A4F7556}") = "AP.MobileToolkit.Maui.Fonts", "src\maui\AP.MobileToolkit.Maui.Fonts\AP.MobileToolkit.Maui.Fonts.csproj", "{72E1E98C-D339-4E40-B760-9A4ACCA2D9C8}"
EndProject
Project("{9A19103F-16F7-4668-BE54-9A1E7A4F7556}") = "AP.MobileToolkit.Maui.Fonts.FontAwesomeFree.Brands", "src\maui\AP.MobileToolkit.Maui.Fonts.FontAwesomeFree.Brands\AP.MobileToolkit.Maui.Fonts.FontAwesomeFree.Brands.csproj", "{78C1EA9A-7CD5-493A-8545-14FACE729ABF}"
EndProject
Project("{9A19103F-16F7-4668-BE54-9A1E7A4F7556}") = "AP.MobileToolkit.Maui.Fonts.FontAwesomeFree.Regular", "src\maui\AP.MobileToolkit.Maui.Fonts.FontAwesomeFree.Regular\AP.MobileToolkit.Maui.Fonts.FontAwesomeFree.Regular.csproj", "{A4B5484B-CF69-48D7-8972-B1A7E64A1E1B}"
EndProject
Project("{9A19103F-16F7-4668-BE54-9A1E7A4F7556}") = "AP.MobileToolkit.Maui.Fonts.FontAwesomeFree.Solid", "src\maui\AP.MobileToolkit.Maui.Fonts.FontAwesomeFree.Solid\AP.MobileToolkit.Maui.Fonts.FontAwesomeFree.Solid.csproj", "{4E693B82-7F80-427B-9819-1F802349D614}"
EndProject
Project("{9A19103F-16F7-4668-BE54-9A1E7A4F7556}") = "AP.MobileToolkit.Maui.Fonts.Core", "src\maui\AP.MobileToolkit.Maui.Fonts.Core\AP.MobileToolkit.Maui.Fonts.Core.csproj", "{D9A361C2-6F41-4CC1-99C3-2DD9E1D472CE}"
EndProject
Project("{9A19103F-16F7-4668-BE54-9A1E7A4F7556}") = "AP.MobileToolkit.Fonts.Abstractions", "src\AP.MobileToolkit.Fonts.Abstractions\AP.MobileToolkit.Fonts.Abstractions.csproj", "{2867CF2E-49FB-403D-A613-A88CD149F173}"
EndProject
Project("{2150E333-8FDC-42A3-9474-1A3956D46DE8}") = "Solution Items", "Solution Items", "{600E53A9-851E-41B4-A681-CD3871AD37E5}"
	ProjectSection(SolutionItems) = preProject
		Directory.Build.props = Directory.Build.props
		Directory.Build.targets = Directory.Build.targets
		global.json = global.json
		Packages.props = Packages.props
		version.json = version.json
	EndProjectSection
EndProject
Project("{9A19103F-16F7-4668-BE54-9A1E7A4F7556}") = "AP.MobileToolkit.Forms.Fonts.DevIcons", "src\forms\AP.MobileToolkit.Forms.Fonts.DevIcons\AP.MobileToolkit.Forms.Fonts.DevIcons.csproj", "{B8D40734-B77D-4E71-A58C-6B3231CE07F5}"
EndProject
Project("{9A19103F-16F7-4668-BE54-9A1E7A4F7556}") = "AP.MobileToolkit.Forms.Fonts.MaterialIcons", "src\forms\AP.MobileToolkit.Forms.Fonts.MaterialIcons\AP.MobileToolkit.Forms.Fonts.MaterialIcons.csproj", "{82185CDF-2871-49F6-96A6-BF8836B19754}"
EndProject
Project("{9A19103F-16F7-4668-BE54-9A1E7A4F7556}") = "AP.MobileToolkit.Forms.Fonts.MaterialIconsOutlined", "src\forms\AP.MobileToolkit.Forms.Fonts.MaterialIconsOutlined\AP.MobileToolkit.Forms.Fonts.MaterialIconsOutlined.csproj", "{B5F17176-E6A4-48CF-959A-433E635B0F18}"
EndProject
Project("{9A19103F-16F7-4668-BE54-9A1E7A4F7556}") = "AP.MobileToolkit.Forms.Fonts.MaterialIconsRound", "src\forms\AP.MobileToolkit.Forms.Fonts.MaterialIconsRound\AP.MobileToolkit.Forms.Fonts.MaterialIconsRound.csproj", "{4CA3CED8-ED7C-45EA-A7A2-6F6F0AA7FCCA}"
EndProject
Project("{9A19103F-16F7-4668-BE54-9A1E7A4F7556}") = "AP.MobileToolkit.Forms.Fonts.MaterialIconsSharp", "src\forms\AP.MobileToolkit.Forms.Fonts.MaterialIconsSharp\AP.MobileToolkit.Forms.Fonts.MaterialIconsSharp.csproj", "{FB367C0E-20D8-47CB-8B2B-2AAC2A21F5EC}"
EndProject
Project("{9A19103F-16F7-4668-BE54-9A1E7A4F7556}") = "AP.MobileToolkit.Comet.Fonts", "src\maui\AP.MobileToolkit.Comet.Fonts\AP.MobileToolkit.Comet.Fonts.csproj", "{8E71B2DD-17A1-4C92-9D5F-639332014DE4}"
EndProject
Project("{2150E333-8FDC-42A3-9474-1A3956D46DE8}") = "maui", "maui", "{0A991AA7-93BC-4E64-945D-89EB47654FB5}"
EndProject
Project("{9A19103F-16F7-4668-BE54-9A1E7A4F7556}") = "AP.MobileToolkit.Maui.Fonts.DevIcons", "src\maui\AP.MobileToolkit.Maui.Fonts.DevIcons\AP.MobileToolkit.Maui.Fonts.DevIcons.csproj", "{1CE25C03-C874-4F59-B9E1-06D3C0E07816}"
EndProject
Project("{9A19103F-16F7-4668-BE54-9A1E7A4F7556}") = "AP.MobileToolkit.Maui.Fonts.MaterialIcons", "src\maui\AP.MobileToolkit.Maui.Fonts.MaterialIcons\AP.MobileToolkit.Maui.Fonts.MaterialIcons.csproj", "{653B6D4F-9533-4631-B60E-6429048008FA}"
EndProject
Project("{9A19103F-16F7-4668-BE54-9A1E7A4F7556}") = "AP.MobileToolkit.Maui.Fonts.MaterialIconsOutlined", "src\maui\AP.MobileToolkit.Maui.Fonts.MaterialIconsOutlined\AP.MobileToolkit.Maui.Fonts.MaterialIconsOutlined.csproj", "{6FCBD8A2-FA30-4D4C-B344-7B20290992F3}"
EndProject
Project("{9A19103F-16F7-4668-BE54-9A1E7A4F7556}") = "AP.MobileToolkit.Maui.Fonts.MaterialIconsRound", "src\maui\AP.MobileToolkit.Maui.Fonts.MaterialIconsRound\AP.MobileToolkit.Maui.Fonts.MaterialIconsRound.csproj", "{9AB0AEB7-8164-4C0F-A78B-075F68347CDD}"
EndProject
Project("{9A19103F-16F7-4668-BE54-9A1E7A4F7556}") = "AP.MobileToolkit.Maui.Fonts.MaterialIconsSharp", "src\maui\AP.MobileToolkit.Maui.Fonts.MaterialIconsSharp\AP.MobileToolkit.Maui.Fonts.MaterialIconsSharp.csproj", "{17B27FD1-E05C-4A74-9975-578A52376AA6}"
EndProject
Project("{9A19103F-16F7-4668-BE54-9A1E7A4F7556}") = "MauiSampleFonts", "sample\maui\MauiSampleFonts\MauiSampleFonts.csproj", "{6A709ED2-82C7-4A18-8A0C-DEFD10D771B8}"
EndProject
Project("{9A19103F-16F7-4668-BE54-9A1E7A4F7556}") = "MauiSampleFonts.WinUI", "sample\maui\MauiSampleFonts.WinUI\MauiSampleFonts.WinUI.csproj", "{B51CAB56-37E6-45B7-9E5B-043D35F93D44}"
EndProject
Global
	GlobalSection(SolutionConfigurationPlatforms) = preSolution
		Debug|Any CPU = Debug|Any CPU
		Debug|ARM = Debug|ARM
		Debug|arm64 = Debug|arm64
		Debug|iPhone = Debug|iPhone
		Debug|iPhoneSimulator = Debug|iPhoneSimulator
		Debug|x64 = Debug|x64
		Debug|x86 = Debug|x86
		Release|Any CPU = Release|Any CPU
		Release|ARM = Release|ARM
		Release|arm64 = Release|arm64
		Release|iPhone = Release|iPhone
		Release|iPhoneSimulator = Release|iPhoneSimulator
		Release|x64 = Release|x64
		Release|x86 = Release|x86
	EndGlobalSection
	GlobalSection(ProjectConfigurationPlatforms) = postSolution
		{F407F6E1-EEE2-4CAA-8D4D-AC0BB5243E6F}.Debug|Any CPU.ActiveCfg = Debug|Any CPU
		{F407F6E1-EEE2-4CAA-8D4D-AC0BB5243E6F}.Debug|Any CPU.Build.0 = Debug|Any CPU
		{F407F6E1-EEE2-4CAA-8D4D-AC0BB5243E6F}.Debug|ARM.ActiveCfg = Debug|Any CPU
		{F407F6E1-EEE2-4CAA-8D4D-AC0BB5243E6F}.Debug|ARM.Build.0 = Debug|Any CPU
		{F407F6E1-EEE2-4CAA-8D4D-AC0BB5243E6F}.Debug|arm64.ActiveCfg = Debug|Any CPU
		{F407F6E1-EEE2-4CAA-8D4D-AC0BB5243E6F}.Debug|iPhone.ActiveCfg = Debug|Any CPU
		{F407F6E1-EEE2-4CAA-8D4D-AC0BB5243E6F}.Debug|iPhone.Build.0 = Debug|Any CPU
		{F407F6E1-EEE2-4CAA-8D4D-AC0BB5243E6F}.Debug|iPhoneSimulator.ActiveCfg = Debug|Any CPU
		{F407F6E1-EEE2-4CAA-8D4D-AC0BB5243E6F}.Debug|iPhoneSimulator.Build.0 = Debug|Any CPU
		{F407F6E1-EEE2-4CAA-8D4D-AC0BB5243E6F}.Debug|x64.ActiveCfg = Debug|Any CPU
		{F407F6E1-EEE2-4CAA-8D4D-AC0BB5243E6F}.Debug|x64.Build.0 = Debug|Any CPU
		{F407F6E1-EEE2-4CAA-8D4D-AC0BB5243E6F}.Debug|x86.ActiveCfg = Debug|Any CPU
		{F407F6E1-EEE2-4CAA-8D4D-AC0BB5243E6F}.Debug|x86.Build.0 = Debug|Any CPU
		{F407F6E1-EEE2-4CAA-8D4D-AC0BB5243E6F}.Release|Any CPU.ActiveCfg = Release|Any CPU
		{F407F6E1-EEE2-4CAA-8D4D-AC0BB5243E6F}.Release|Any CPU.Build.0 = Release|Any CPU
		{F407F6E1-EEE2-4CAA-8D4D-AC0BB5243E6F}.Release|ARM.ActiveCfg = Release|Any CPU
		{F407F6E1-EEE2-4CAA-8D4D-AC0BB5243E6F}.Release|ARM.Build.0 = Release|Any CPU
		{F407F6E1-EEE2-4CAA-8D4D-AC0BB5243E6F}.Release|arm64.ActiveCfg = Release|Any CPU
		{F407F6E1-EEE2-4CAA-8D4D-AC0BB5243E6F}.Release|iPhone.ActiveCfg = Release|Any CPU
		{F407F6E1-EEE2-4CAA-8D4D-AC0BB5243E6F}.Release|iPhone.Build.0 = Release|Any CPU
		{F407F6E1-EEE2-4CAA-8D4D-AC0BB5243E6F}.Release|iPhoneSimulator.ActiveCfg = Release|Any CPU
		{F407F6E1-EEE2-4CAA-8D4D-AC0BB5243E6F}.Release|iPhoneSimulator.Build.0 = Release|Any CPU
		{F407F6E1-EEE2-4CAA-8D4D-AC0BB5243E6F}.Release|x64.ActiveCfg = Release|Any CPU
		{F407F6E1-EEE2-4CAA-8D4D-AC0BB5243E6F}.Release|x64.Build.0 = Release|Any CPU
		{F407F6E1-EEE2-4CAA-8D4D-AC0BB5243E6F}.Release|x86.ActiveCfg = Release|Any CPU
		{F407F6E1-EEE2-4CAA-8D4D-AC0BB5243E6F}.Release|x86.Build.0 = Release|Any CPU
		{32F4F2C7-EF3C-4A3B-BA86-9CD4759F7C70}.Debug|Any CPU.ActiveCfg = Debug|Any CPU
		{32F4F2C7-EF3C-4A3B-BA86-9CD4759F7C70}.Debug|Any CPU.Build.0 = Debug|Any CPU
		{32F4F2C7-EF3C-4A3B-BA86-9CD4759F7C70}.Debug|ARM.ActiveCfg = Debug|Any CPU
		{32F4F2C7-EF3C-4A3B-BA86-9CD4759F7C70}.Debug|ARM.Build.0 = Debug|Any CPU
		{32F4F2C7-EF3C-4A3B-BA86-9CD4759F7C70}.Debug|arm64.ActiveCfg = Debug|Any CPU
		{32F4F2C7-EF3C-4A3B-BA86-9CD4759F7C70}.Debug|iPhone.ActiveCfg = Debug|Any CPU
		{32F4F2C7-EF3C-4A3B-BA86-9CD4759F7C70}.Debug|iPhone.Build.0 = Debug|Any CPU
		{32F4F2C7-EF3C-4A3B-BA86-9CD4759F7C70}.Debug|iPhoneSimulator.ActiveCfg = Debug|Any CPU
		{32F4F2C7-EF3C-4A3B-BA86-9CD4759F7C70}.Debug|iPhoneSimulator.Build.0 = Debug|Any CPU
		{32F4F2C7-EF3C-4A3B-BA86-9CD4759F7C70}.Debug|x64.ActiveCfg = Debug|Any CPU
		{32F4F2C7-EF3C-4A3B-BA86-9CD4759F7C70}.Debug|x64.Build.0 = Debug|Any CPU
		{32F4F2C7-EF3C-4A3B-BA86-9CD4759F7C70}.Debug|x86.ActiveCfg = Debug|Any CPU
		{32F4F2C7-EF3C-4A3B-BA86-9CD4759F7C70}.Debug|x86.Build.0 = Debug|Any CPU
		{32F4F2C7-EF3C-4A3B-BA86-9CD4759F7C70}.Release|Any CPU.ActiveCfg = Release|Any CPU
		{32F4F2C7-EF3C-4A3B-BA86-9CD4759F7C70}.Release|Any CPU.Build.0 = Release|Any CPU
		{32F4F2C7-EF3C-4A3B-BA86-9CD4759F7C70}.Release|ARM.ActiveCfg = Release|Any CPU
		{32F4F2C7-EF3C-4A3B-BA86-9CD4759F7C70}.Release|ARM.Build.0 = Release|Any CPU
		{32F4F2C7-EF3C-4A3B-BA86-9CD4759F7C70}.Release|arm64.ActiveCfg = Release|Any CPU
		{32F4F2C7-EF3C-4A3B-BA86-9CD4759F7C70}.Release|iPhone.ActiveCfg = Release|Any CPU
		{32F4F2C7-EF3C-4A3B-BA86-9CD4759F7C70}.Release|iPhone.Build.0 = Release|Any CPU
		{32F4F2C7-EF3C-4A3B-BA86-9CD4759F7C70}.Release|iPhoneSimulator.ActiveCfg = Release|Any CPU
		{32F4F2C7-EF3C-4A3B-BA86-9CD4759F7C70}.Release|iPhoneSimulator.Build.0 = Release|Any CPU
		{32F4F2C7-EF3C-4A3B-BA86-9CD4759F7C70}.Release|x64.ActiveCfg = Release|Any CPU
		{32F4F2C7-EF3C-4A3B-BA86-9CD4759F7C70}.Release|x64.Build.0 = Release|Any CPU
		{32F4F2C7-EF3C-4A3B-BA86-9CD4759F7C70}.Release|x86.ActiveCfg = Release|Any CPU
		{32F4F2C7-EF3C-4A3B-BA86-9CD4759F7C70}.Release|x86.Build.0 = Release|Any CPU
		{9BB8EB7D-8C71-47CC-B524-F5C6D5A562FB}.Debug|Any CPU.ActiveCfg = Debug|Any CPU
		{9BB8EB7D-8C71-47CC-B524-F5C6D5A562FB}.Debug|Any CPU.Build.0 = Debug|Any CPU
		{9BB8EB7D-8C71-47CC-B524-F5C6D5A562FB}.Debug|ARM.ActiveCfg = Debug|Any CPU
		{9BB8EB7D-8C71-47CC-B524-F5C6D5A562FB}.Debug|ARM.Build.0 = Debug|Any CPU
		{9BB8EB7D-8C71-47CC-B524-F5C6D5A562FB}.Debug|arm64.ActiveCfg = Debug|Any CPU
		{9BB8EB7D-8C71-47CC-B524-F5C6D5A562FB}.Debug|iPhone.ActiveCfg = Debug|Any CPU
		{9BB8EB7D-8C71-47CC-B524-F5C6D5A562FB}.Debug|iPhone.Build.0 = Debug|Any CPU
		{9BB8EB7D-8C71-47CC-B524-F5C6D5A562FB}.Debug|iPhoneSimulator.ActiveCfg = Debug|Any CPU
		{9BB8EB7D-8C71-47CC-B524-F5C6D5A562FB}.Debug|iPhoneSimulator.Build.0 = Debug|Any CPU
		{9BB8EB7D-8C71-47CC-B524-F5C6D5A562FB}.Debug|x64.ActiveCfg = Debug|Any CPU
		{9BB8EB7D-8C71-47CC-B524-F5C6D5A562FB}.Debug|x64.Build.0 = Debug|Any CPU
		{9BB8EB7D-8C71-47CC-B524-F5C6D5A562FB}.Debug|x86.ActiveCfg = Debug|Any CPU
		{9BB8EB7D-8C71-47CC-B524-F5C6D5A562FB}.Debug|x86.Build.0 = Debug|Any CPU
		{9BB8EB7D-8C71-47CC-B524-F5C6D5A562FB}.Release|Any CPU.ActiveCfg = Release|Any CPU
		{9BB8EB7D-8C71-47CC-B524-F5C6D5A562FB}.Release|Any CPU.Build.0 = Release|Any CPU
		{9BB8EB7D-8C71-47CC-B524-F5C6D5A562FB}.Release|ARM.ActiveCfg = Release|Any CPU
		{9BB8EB7D-8C71-47CC-B524-F5C6D5A562FB}.Release|ARM.Build.0 = Release|Any CPU
		{9BB8EB7D-8C71-47CC-B524-F5C6D5A562FB}.Release|arm64.ActiveCfg = Release|Any CPU
		{9BB8EB7D-8C71-47CC-B524-F5C6D5A562FB}.Release|iPhone.ActiveCfg = Release|Any CPU
		{9BB8EB7D-8C71-47CC-B524-F5C6D5A562FB}.Release|iPhone.Build.0 = Release|Any CPU
		{9BB8EB7D-8C71-47CC-B524-F5C6D5A562FB}.Release|iPhoneSimulator.ActiveCfg = Release|Any CPU
		{9BB8EB7D-8C71-47CC-B524-F5C6D5A562FB}.Release|iPhoneSimulator.Build.0 = Release|Any CPU
		{9BB8EB7D-8C71-47CC-B524-F5C6D5A562FB}.Release|x64.ActiveCfg = Release|Any CPU
		{9BB8EB7D-8C71-47CC-B524-F5C6D5A562FB}.Release|x64.Build.0 = Release|Any CPU
		{9BB8EB7D-8C71-47CC-B524-F5C6D5A562FB}.Release|x86.ActiveCfg = Release|Any CPU
		{9BB8EB7D-8C71-47CC-B524-F5C6D5A562FB}.Release|x86.Build.0 = Release|Any CPU
		{2AEF93D1-EE3C-44A7-BBF2-078D614A158F}.Debug|Any CPU.ActiveCfg = Debug|Any CPU
		{2AEF93D1-EE3C-44A7-BBF2-078D614A158F}.Debug|Any CPU.Build.0 = Debug|Any CPU
		{2AEF93D1-EE3C-44A7-BBF2-078D614A158F}.Debug|ARM.ActiveCfg = Debug|Any CPU
		{2AEF93D1-EE3C-44A7-BBF2-078D614A158F}.Debug|ARM.Build.0 = Debug|Any CPU
		{2AEF93D1-EE3C-44A7-BBF2-078D614A158F}.Debug|arm64.ActiveCfg = Debug|Any CPU
		{2AEF93D1-EE3C-44A7-BBF2-078D614A158F}.Debug|iPhone.ActiveCfg = Debug|Any CPU
		{2AEF93D1-EE3C-44A7-BBF2-078D614A158F}.Debug|iPhone.Build.0 = Debug|Any CPU
		{2AEF93D1-EE3C-44A7-BBF2-078D614A158F}.Debug|iPhoneSimulator.ActiveCfg = Debug|Any CPU
		{2AEF93D1-EE3C-44A7-BBF2-078D614A158F}.Debug|iPhoneSimulator.Build.0 = Debug|Any CPU
		{2AEF93D1-EE3C-44A7-BBF2-078D614A158F}.Debug|x64.ActiveCfg = Debug|Any CPU
		{2AEF93D1-EE3C-44A7-BBF2-078D614A158F}.Debug|x64.Build.0 = Debug|Any CPU
		{2AEF93D1-EE3C-44A7-BBF2-078D614A158F}.Debug|x86.ActiveCfg = Debug|Any CPU
		{2AEF93D1-EE3C-44A7-BBF2-078D614A158F}.Debug|x86.Build.0 = Debug|Any CPU
		{2AEF93D1-EE3C-44A7-BBF2-078D614A158F}.Release|Any CPU.ActiveCfg = Release|Any CPU
		{2AEF93D1-EE3C-44A7-BBF2-078D614A158F}.Release|Any CPU.Build.0 = Release|Any CPU
		{2AEF93D1-EE3C-44A7-BBF2-078D614A158F}.Release|ARM.ActiveCfg = Release|Any CPU
		{2AEF93D1-EE3C-44A7-BBF2-078D614A158F}.Release|ARM.Build.0 = Release|Any CPU
		{2AEF93D1-EE3C-44A7-BBF2-078D614A158F}.Release|arm64.ActiveCfg = Release|Any CPU
		{2AEF93D1-EE3C-44A7-BBF2-078D614A158F}.Release|iPhone.ActiveCfg = Release|Any CPU
		{2AEF93D1-EE3C-44A7-BBF2-078D614A158F}.Release|iPhone.Build.0 = Release|Any CPU
		{2AEF93D1-EE3C-44A7-BBF2-078D614A158F}.Release|iPhoneSimulator.ActiveCfg = Release|Any CPU
		{2AEF93D1-EE3C-44A7-BBF2-078D614A158F}.Release|iPhoneSimulator.Build.0 = Release|Any CPU
		{2AEF93D1-EE3C-44A7-BBF2-078D614A158F}.Release|x64.ActiveCfg = Release|Any CPU
		{2AEF93D1-EE3C-44A7-BBF2-078D614A158F}.Release|x64.Build.0 = Release|Any CPU
		{2AEF93D1-EE3C-44A7-BBF2-078D614A158F}.Release|x86.ActiveCfg = Release|Any CPU
		{2AEF93D1-EE3C-44A7-BBF2-078D614A158F}.Release|x86.Build.0 = Release|Any CPU
		{8166DE03-DDC8-482B-B2E1-D918FD0B8143}.Debug|Any CPU.ActiveCfg = Debug|Any CPU
		{8166DE03-DDC8-482B-B2E1-D918FD0B8143}.Debug|Any CPU.Build.0 = Debug|Any CPU
		{8166DE03-DDC8-482B-B2E1-D918FD0B8143}.Debug|ARM.ActiveCfg = Debug|Any CPU
		{8166DE03-DDC8-482B-B2E1-D918FD0B8143}.Debug|ARM.Build.0 = Debug|Any CPU
		{8166DE03-DDC8-482B-B2E1-D918FD0B8143}.Debug|arm64.ActiveCfg = Debug|Any CPU
		{8166DE03-DDC8-482B-B2E1-D918FD0B8143}.Debug|iPhone.ActiveCfg = Debug|Any CPU
		{8166DE03-DDC8-482B-B2E1-D918FD0B8143}.Debug|iPhone.Build.0 = Debug|Any CPU
		{8166DE03-DDC8-482B-B2E1-D918FD0B8143}.Debug|iPhoneSimulator.ActiveCfg = Debug|Any CPU
		{8166DE03-DDC8-482B-B2E1-D918FD0B8143}.Debug|iPhoneSimulator.Build.0 = Debug|Any CPU
		{8166DE03-DDC8-482B-B2E1-D918FD0B8143}.Debug|x64.ActiveCfg = Debug|Any CPU
		{8166DE03-DDC8-482B-B2E1-D918FD0B8143}.Debug|x64.Build.0 = Debug|Any CPU
		{8166DE03-DDC8-482B-B2E1-D918FD0B8143}.Debug|x86.ActiveCfg = Debug|Any CPU
		{8166DE03-DDC8-482B-B2E1-D918FD0B8143}.Debug|x86.Build.0 = Debug|Any CPU
		{8166DE03-DDC8-482B-B2E1-D918FD0B8143}.Release|Any CPU.ActiveCfg = Release|Any CPU
		{8166DE03-DDC8-482B-B2E1-D918FD0B8143}.Release|Any CPU.Build.0 = Release|Any CPU
		{8166DE03-DDC8-482B-B2E1-D918FD0B8143}.Release|ARM.ActiveCfg = Release|Any CPU
		{8166DE03-DDC8-482B-B2E1-D918FD0B8143}.Release|ARM.Build.0 = Release|Any CPU
		{8166DE03-DDC8-482B-B2E1-D918FD0B8143}.Release|arm64.ActiveCfg = Release|Any CPU
		{8166DE03-DDC8-482B-B2E1-D918FD0B8143}.Release|iPhone.ActiveCfg = Release|Any CPU
		{8166DE03-DDC8-482B-B2E1-D918FD0B8143}.Release|iPhone.Build.0 = Release|Any CPU
		{8166DE03-DDC8-482B-B2E1-D918FD0B8143}.Release|iPhoneSimulator.ActiveCfg = Release|Any CPU
		{8166DE03-DDC8-482B-B2E1-D918FD0B8143}.Release|iPhoneSimulator.Build.0 = Release|Any CPU
		{8166DE03-DDC8-482B-B2E1-D918FD0B8143}.Release|x64.ActiveCfg = Release|Any CPU
		{8166DE03-DDC8-482B-B2E1-D918FD0B8143}.Release|x64.Build.0 = Release|Any CPU
		{8166DE03-DDC8-482B-B2E1-D918FD0B8143}.Release|x86.ActiveCfg = Release|Any CPU
		{8166DE03-DDC8-482B-B2E1-D918FD0B8143}.Release|x86.Build.0 = Release|Any CPU
		{4C9A24A5-D42C-40A0-B8AA-DC942CBB0FAD}.Debug|Any CPU.ActiveCfg = Debug|x86
		{4C9A24A5-D42C-40A0-B8AA-DC942CBB0FAD}.Debug|ARM.ActiveCfg = Debug|ARM
		{4C9A24A5-D42C-40A0-B8AA-DC942CBB0FAD}.Debug|ARM.Build.0 = Debug|ARM
		{4C9A24A5-D42C-40A0-B8AA-DC942CBB0FAD}.Debug|ARM.Deploy.0 = Debug|ARM
		{4C9A24A5-D42C-40A0-B8AA-DC942CBB0FAD}.Debug|arm64.ActiveCfg = Debug|x86
		{4C9A24A5-D42C-40A0-B8AA-DC942CBB0FAD}.Debug|iPhone.ActiveCfg = Debug|x86
		{4C9A24A5-D42C-40A0-B8AA-DC942CBB0FAD}.Debug|iPhoneSimulator.ActiveCfg = Debug|x86
		{4C9A24A5-D42C-40A0-B8AA-DC942CBB0FAD}.Debug|x64.ActiveCfg = Debug|x64
		{4C9A24A5-D42C-40A0-B8AA-DC942CBB0FAD}.Debug|x64.Build.0 = Debug|x64
		{4C9A24A5-D42C-40A0-B8AA-DC942CBB0FAD}.Debug|x64.Deploy.0 = Debug|x64
		{4C9A24A5-D42C-40A0-B8AA-DC942CBB0FAD}.Debug|x86.ActiveCfg = Debug|x86
		{4C9A24A5-D42C-40A0-B8AA-DC942CBB0FAD}.Debug|x86.Build.0 = Debug|x86
		{4C9A24A5-D42C-40A0-B8AA-DC942CBB0FAD}.Debug|x86.Deploy.0 = Debug|x86
		{4C9A24A5-D42C-40A0-B8AA-DC942CBB0FAD}.Release|Any CPU.ActiveCfg = Release|x86
		{4C9A24A5-D42C-40A0-B8AA-DC942CBB0FAD}.Release|ARM.ActiveCfg = Release|ARM
		{4C9A24A5-D42C-40A0-B8AA-DC942CBB0FAD}.Release|arm64.ActiveCfg = Release|x86
		{4C9A24A5-D42C-40A0-B8AA-DC942CBB0FAD}.Release|iPhone.ActiveCfg = Release|x86
		{4C9A24A5-D42C-40A0-B8AA-DC942CBB0FAD}.Release|iPhoneSimulator.ActiveCfg = Release|x86
		{4C9A24A5-D42C-40A0-B8AA-DC942CBB0FAD}.Release|x64.ActiveCfg = Release|x64
		{4C9A24A5-D42C-40A0-B8AA-DC942CBB0FAD}.Release|x64.Build.0 = Release|x64
		{4C9A24A5-D42C-40A0-B8AA-DC942CBB0FAD}.Release|x64.Deploy.0 = Release|x64
		{4C9A24A5-D42C-40A0-B8AA-DC942CBB0FAD}.Release|x86.ActiveCfg = Release|x86
		{4C9A24A5-D42C-40A0-B8AA-DC942CBB0FAD}.Release|x86.Build.0 = Release|x86
		{4C9A24A5-D42C-40A0-B8AA-DC942CBB0FAD}.Release|x86.Deploy.0 = Release|x86
		{94DF30CA-936E-4E0C-8EB2-A3CDE391B483}.Debug|Any CPU.ActiveCfg = Debug|Any CPU
		{94DF30CA-936E-4E0C-8EB2-A3CDE391B483}.Debug|Any CPU.Build.0 = Debug|Any CPU
		{94DF30CA-936E-4E0C-8EB2-A3CDE391B483}.Debug|Any CPU.Deploy.0 = Debug|Any CPU
		{94DF30CA-936E-4E0C-8EB2-A3CDE391B483}.Debug|ARM.ActiveCfg = Debug|Any CPU
		{94DF30CA-936E-4E0C-8EB2-A3CDE391B483}.Debug|ARM.Build.0 = Debug|Any CPU
		{94DF30CA-936E-4E0C-8EB2-A3CDE391B483}.Debug|ARM.Deploy.0 = Debug|Any CPU
		{94DF30CA-936E-4E0C-8EB2-A3CDE391B483}.Debug|arm64.ActiveCfg = Debug|Any CPU
		{94DF30CA-936E-4E0C-8EB2-A3CDE391B483}.Debug|iPhone.ActiveCfg = Debug|Any CPU
		{94DF30CA-936E-4E0C-8EB2-A3CDE391B483}.Debug|iPhone.Build.0 = Debug|Any CPU
		{94DF30CA-936E-4E0C-8EB2-A3CDE391B483}.Debug|iPhone.Deploy.0 = Debug|Any CPU
		{94DF30CA-936E-4E0C-8EB2-A3CDE391B483}.Debug|iPhoneSimulator.ActiveCfg = Debug|Any CPU
		{94DF30CA-936E-4E0C-8EB2-A3CDE391B483}.Debug|iPhoneSimulator.Build.0 = Debug|Any CPU
		{94DF30CA-936E-4E0C-8EB2-A3CDE391B483}.Debug|iPhoneSimulator.Deploy.0 = Debug|Any CPU
		{94DF30CA-936E-4E0C-8EB2-A3CDE391B483}.Debug|x64.ActiveCfg = Debug|Any CPU
		{94DF30CA-936E-4E0C-8EB2-A3CDE391B483}.Debug|x64.Build.0 = Debug|Any CPU
		{94DF30CA-936E-4E0C-8EB2-A3CDE391B483}.Debug|x64.Deploy.0 = Debug|Any CPU
		{94DF30CA-936E-4E0C-8EB2-A3CDE391B483}.Debug|x86.ActiveCfg = Debug|Any CPU
		{94DF30CA-936E-4E0C-8EB2-A3CDE391B483}.Debug|x86.Build.0 = Debug|Any CPU
		{94DF30CA-936E-4E0C-8EB2-A3CDE391B483}.Debug|x86.Deploy.0 = Debug|Any CPU
		{94DF30CA-936E-4E0C-8EB2-A3CDE391B483}.Release|Any CPU.ActiveCfg = Release|Any CPU
		{94DF30CA-936E-4E0C-8EB2-A3CDE391B483}.Release|ARM.ActiveCfg = Release|Any CPU
		{94DF30CA-936E-4E0C-8EB2-A3CDE391B483}.Release|arm64.ActiveCfg = Release|Any CPU
		{94DF30CA-936E-4E0C-8EB2-A3CDE391B483}.Release|iPhone.ActiveCfg = Release|Any CPU
		{94DF30CA-936E-4E0C-8EB2-A3CDE391B483}.Release|iPhoneSimulator.ActiveCfg = Release|Any CPU
		{94DF30CA-936E-4E0C-8EB2-A3CDE391B483}.Release|x64.ActiveCfg = Release|Any CPU
		{94DF30CA-936E-4E0C-8EB2-A3CDE391B483}.Release|x64.Build.0 = Release|Any CPU
		{94DF30CA-936E-4E0C-8EB2-A3CDE391B483}.Release|x64.Deploy.0 = Release|Any CPU
		{94DF30CA-936E-4E0C-8EB2-A3CDE391B483}.Release|x86.ActiveCfg = Release|Any CPU
		{94DF30CA-936E-4E0C-8EB2-A3CDE391B483}.Release|x86.Build.0 = Release|Any CPU
		{94DF30CA-936E-4E0C-8EB2-A3CDE391B483}.Release|x86.Deploy.0 = Release|Any CPU
		{179E5957-8BD8-4AAC-BAD3-CDE4B30286DD}.Debug|Any CPU.ActiveCfg = Debug|iPhone
		{179E5957-8BD8-4AAC-BAD3-CDE4B30286DD}.Debug|ARM.ActiveCfg = Debug|iPhone
		{179E5957-8BD8-4AAC-BAD3-CDE4B30286DD}.Debug|arm64.ActiveCfg = Debug|iPhoneSimulator
		{179E5957-8BD8-4AAC-BAD3-CDE4B30286DD}.Debug|iPhone.ActiveCfg = Debug|iPhone
		{179E5957-8BD8-4AAC-BAD3-CDE4B30286DD}.Debug|iPhone.Build.0 = Debug|iPhone
		{179E5957-8BD8-4AAC-BAD3-CDE4B30286DD}.Debug|iPhoneSimulator.ActiveCfg = Debug|iPhoneSimulator
		{179E5957-8BD8-4AAC-BAD3-CDE4B30286DD}.Debug|iPhoneSimulator.Build.0 = Debug|iPhoneSimulator
		{179E5957-8BD8-4AAC-BAD3-CDE4B30286DD}.Debug|x64.ActiveCfg = Debug|iPhone
		{179E5957-8BD8-4AAC-BAD3-CDE4B30286DD}.Debug|x86.ActiveCfg = Debug|iPhone
		{179E5957-8BD8-4AAC-BAD3-CDE4B30286DD}.Release|Any CPU.ActiveCfg = Release|iPhone
		{179E5957-8BD8-4AAC-BAD3-CDE4B30286DD}.Release|ARM.ActiveCfg = Release|iPhone
		{179E5957-8BD8-4AAC-BAD3-CDE4B30286DD}.Release|arm64.ActiveCfg = Release|iPhoneSimulator
		{179E5957-8BD8-4AAC-BAD3-CDE4B30286DD}.Release|iPhone.ActiveCfg = Release|iPhone
		{179E5957-8BD8-4AAC-BAD3-CDE4B30286DD}.Release|iPhoneSimulator.ActiveCfg = Release|iPhoneSimulator
		{179E5957-8BD8-4AAC-BAD3-CDE4B30286DD}.Release|x64.ActiveCfg = Release|iPhone
		{179E5957-8BD8-4AAC-BAD3-CDE4B30286DD}.Release|x86.ActiveCfg = Release|iPhone
		{04B78821-189D-4B2C-9497-B3BE937666EF}.Debug|Any CPU.ActiveCfg = Debug|Any CPU
		{04B78821-189D-4B2C-9497-B3BE937666EF}.Debug|Any CPU.Build.0 = Debug|Any CPU
		{04B78821-189D-4B2C-9497-B3BE937666EF}.Debug|ARM.ActiveCfg = Debug|Any CPU
		{04B78821-189D-4B2C-9497-B3BE937666EF}.Debug|ARM.Build.0 = Debug|Any CPU
		{04B78821-189D-4B2C-9497-B3BE937666EF}.Debug|arm64.ActiveCfg = Debug|Any CPU
		{04B78821-189D-4B2C-9497-B3BE937666EF}.Debug|iPhone.ActiveCfg = Debug|Any CPU
		{04B78821-189D-4B2C-9497-B3BE937666EF}.Debug|iPhone.Build.0 = Debug|Any CPU
		{04B78821-189D-4B2C-9497-B3BE937666EF}.Debug|iPhoneSimulator.ActiveCfg = Debug|Any CPU
		{04B78821-189D-4B2C-9497-B3BE937666EF}.Debug|iPhoneSimulator.Build.0 = Debug|Any CPU
		{04B78821-189D-4B2C-9497-B3BE937666EF}.Debug|x64.ActiveCfg = Debug|Any CPU
		{04B78821-189D-4B2C-9497-B3BE937666EF}.Debug|x64.Build.0 = Debug|Any CPU
		{04B78821-189D-4B2C-9497-B3BE937666EF}.Debug|x86.ActiveCfg = Debug|Any CPU
		{04B78821-189D-4B2C-9497-B3BE937666EF}.Debug|x86.Build.0 = Debug|Any CPU
		{04B78821-189D-4B2C-9497-B3BE937666EF}.Release|Any CPU.ActiveCfg = Release|Any CPU
		{04B78821-189D-4B2C-9497-B3BE937666EF}.Release|ARM.ActiveCfg = Release|Any CPU
		{04B78821-189D-4B2C-9497-B3BE937666EF}.Release|arm64.ActiveCfg = Release|Any CPU
		{04B78821-189D-4B2C-9497-B3BE937666EF}.Release|iPhone.ActiveCfg = Release|Any CPU
		{04B78821-189D-4B2C-9497-B3BE937666EF}.Release|iPhoneSimulator.ActiveCfg = Release|Any CPU
		{04B78821-189D-4B2C-9497-B3BE937666EF}.Release|x64.ActiveCfg = Release|Any CPU
		{04B78821-189D-4B2C-9497-B3BE937666EF}.Release|x64.Build.0 = Release|Any CPU
		{04B78821-189D-4B2C-9497-B3BE937666EF}.Release|x86.ActiveCfg = Release|Any CPU
		{04B78821-189D-4B2C-9497-B3BE937666EF}.Release|x86.Build.0 = Release|Any CPU
		{24B4D827-8733-4BB9-B28C-EF6280EBF983}.Debug|Any CPU.ActiveCfg = Debug|Any CPU
		{24B4D827-8733-4BB9-B28C-EF6280EBF983}.Debug|Any CPU.Build.0 = Debug|Any CPU
		{24B4D827-8733-4BB9-B28C-EF6280EBF983}.Debug|ARM.ActiveCfg = Debug|Any CPU
		{24B4D827-8733-4BB9-B28C-EF6280EBF983}.Debug|ARM.Build.0 = Debug|Any CPU
		{24B4D827-8733-4BB9-B28C-EF6280EBF983}.Debug|arm64.ActiveCfg = Debug|Any CPU
		{24B4D827-8733-4BB9-B28C-EF6280EBF983}.Debug|iPhone.ActiveCfg = Debug|Any CPU
		{24B4D827-8733-4BB9-B28C-EF6280EBF983}.Debug|iPhone.Build.0 = Debug|Any CPU
		{24B4D827-8733-4BB9-B28C-EF6280EBF983}.Debug|iPhoneSimulator.ActiveCfg = Debug|Any CPU
		{24B4D827-8733-4BB9-B28C-EF6280EBF983}.Debug|iPhoneSimulator.Build.0 = Debug|Any CPU
		{24B4D827-8733-4BB9-B28C-EF6280EBF983}.Debug|x64.ActiveCfg = Debug|Any CPU
		{24B4D827-8733-4BB9-B28C-EF6280EBF983}.Debug|x64.Build.0 = Debug|Any CPU
		{24B4D827-8733-4BB9-B28C-EF6280EBF983}.Debug|x86.ActiveCfg = Debug|Any CPU
		{24B4D827-8733-4BB9-B28C-EF6280EBF983}.Debug|x86.Build.0 = Debug|Any CPU
		{24B4D827-8733-4BB9-B28C-EF6280EBF983}.Release|Any CPU.ActiveCfg = Release|Any CPU
		{24B4D827-8733-4BB9-B28C-EF6280EBF983}.Release|Any CPU.Build.0 = Release|Any CPU
		{24B4D827-8733-4BB9-B28C-EF6280EBF983}.Release|ARM.ActiveCfg = Release|Any CPU
		{24B4D827-8733-4BB9-B28C-EF6280EBF983}.Release|ARM.Build.0 = Release|Any CPU
		{24B4D827-8733-4BB9-B28C-EF6280EBF983}.Release|arm64.ActiveCfg = Release|Any CPU
		{24B4D827-8733-4BB9-B28C-EF6280EBF983}.Release|iPhone.ActiveCfg = Release|Any CPU
		{24B4D827-8733-4BB9-B28C-EF6280EBF983}.Release|iPhone.Build.0 = Release|Any CPU
		{24B4D827-8733-4BB9-B28C-EF6280EBF983}.Release|iPhoneSimulator.ActiveCfg = Release|Any CPU
		{24B4D827-8733-4BB9-B28C-EF6280EBF983}.Release|iPhoneSimulator.Build.0 = Release|Any CPU
		{24B4D827-8733-4BB9-B28C-EF6280EBF983}.Release|x64.ActiveCfg = Release|Any CPU
		{24B4D827-8733-4BB9-B28C-EF6280EBF983}.Release|x64.Build.0 = Release|Any CPU
		{24B4D827-8733-4BB9-B28C-EF6280EBF983}.Release|x86.ActiveCfg = Release|Any CPU
		{24B4D827-8733-4BB9-B28C-EF6280EBF983}.Release|x86.Build.0 = Release|Any CPU
		{72E1E98C-D339-4E40-B760-9A4ACCA2D9C8}.Debug|Any CPU.ActiveCfg = Debug|Any CPU
		{72E1E98C-D339-4E40-B760-9A4ACCA2D9C8}.Debug|Any CPU.Build.0 = Debug|Any CPU
		{72E1E98C-D339-4E40-B760-9A4ACCA2D9C8}.Debug|ARM.ActiveCfg = Debug|Any CPU
		{72E1E98C-D339-4E40-B760-9A4ACCA2D9C8}.Debug|ARM.Build.0 = Debug|Any CPU
		{72E1E98C-D339-4E40-B760-9A4ACCA2D9C8}.Debug|arm64.ActiveCfg = Debug|Any CPU
		{72E1E98C-D339-4E40-B760-9A4ACCA2D9C8}.Debug|arm64.Build.0 = Debug|Any CPU
		{72E1E98C-D339-4E40-B760-9A4ACCA2D9C8}.Debug|iPhone.ActiveCfg = Debug|Any CPU
		{72E1E98C-D339-4E40-B760-9A4ACCA2D9C8}.Debug|iPhone.Build.0 = Debug|Any CPU
		{72E1E98C-D339-4E40-B760-9A4ACCA2D9C8}.Debug|iPhoneSimulator.ActiveCfg = Debug|Any CPU
		{72E1E98C-D339-4E40-B760-9A4ACCA2D9C8}.Debug|iPhoneSimulator.Build.0 = Debug|Any CPU
		{72E1E98C-D339-4E40-B760-9A4ACCA2D9C8}.Debug|x64.ActiveCfg = Debug|Any CPU
		{72E1E98C-D339-4E40-B760-9A4ACCA2D9C8}.Debug|x64.Build.0 = Debug|Any CPU
		{72E1E98C-D339-4E40-B760-9A4ACCA2D9C8}.Debug|x86.ActiveCfg = Debug|Any CPU
		{72E1E98C-D339-4E40-B760-9A4ACCA2D9C8}.Debug|x86.Build.0 = Debug|Any CPU
		{72E1E98C-D339-4E40-B760-9A4ACCA2D9C8}.Release|Any CPU.ActiveCfg = Release|Any CPU
		{72E1E98C-D339-4E40-B760-9A4ACCA2D9C8}.Release|Any CPU.Build.0 = Release|Any CPU
		{72E1E98C-D339-4E40-B760-9A4ACCA2D9C8}.Release|ARM.ActiveCfg = Release|Any CPU
		{72E1E98C-D339-4E40-B760-9A4ACCA2D9C8}.Release|ARM.Build.0 = Release|Any CPU
		{72E1E98C-D339-4E40-B760-9A4ACCA2D9C8}.Release|arm64.ActiveCfg = Release|Any CPU
		{72E1E98C-D339-4E40-B760-9A4ACCA2D9C8}.Release|arm64.Build.0 = Release|Any CPU
		{72E1E98C-D339-4E40-B760-9A4ACCA2D9C8}.Release|iPhone.ActiveCfg = Release|Any CPU
		{72E1E98C-D339-4E40-B760-9A4ACCA2D9C8}.Release|iPhone.Build.0 = Release|Any CPU
		{72E1E98C-D339-4E40-B760-9A4ACCA2D9C8}.Release|iPhoneSimulator.ActiveCfg = Release|Any CPU
		{72E1E98C-D339-4E40-B760-9A4ACCA2D9C8}.Release|iPhoneSimulator.Build.0 = Release|Any CPU
		{72E1E98C-D339-4E40-B760-9A4ACCA2D9C8}.Release|x64.ActiveCfg = Release|Any CPU
		{72E1E98C-D339-4E40-B760-9A4ACCA2D9C8}.Release|x64.Build.0 = Release|Any CPU
		{72E1E98C-D339-4E40-B760-9A4ACCA2D9C8}.Release|x86.ActiveCfg = Release|Any CPU
		{72E1E98C-D339-4E40-B760-9A4ACCA2D9C8}.Release|x86.Build.0 = Release|Any CPU
		{78C1EA9A-7CD5-493A-8545-14FACE729ABF}.Debug|Any CPU.ActiveCfg = Debug|Any CPU
		{78C1EA9A-7CD5-493A-8545-14FACE729ABF}.Debug|Any CPU.Build.0 = Debug|Any CPU
		{78C1EA9A-7CD5-493A-8545-14FACE729ABF}.Debug|ARM.ActiveCfg = Debug|Any CPU
		{78C1EA9A-7CD5-493A-8545-14FACE729ABF}.Debug|ARM.Build.0 = Debug|Any CPU
		{78C1EA9A-7CD5-493A-8545-14FACE729ABF}.Debug|arm64.ActiveCfg = Debug|Any CPU
		{78C1EA9A-7CD5-493A-8545-14FACE729ABF}.Debug|arm64.Build.0 = Debug|Any CPU
		{78C1EA9A-7CD5-493A-8545-14FACE729ABF}.Debug|iPhone.ActiveCfg = Debug|Any CPU
		{78C1EA9A-7CD5-493A-8545-14FACE729ABF}.Debug|iPhone.Build.0 = Debug|Any CPU
		{78C1EA9A-7CD5-493A-8545-14FACE729ABF}.Debug|iPhoneSimulator.ActiveCfg = Debug|Any CPU
		{78C1EA9A-7CD5-493A-8545-14FACE729ABF}.Debug|iPhoneSimulator.Build.0 = Debug|Any CPU
		{78C1EA9A-7CD5-493A-8545-14FACE729ABF}.Debug|x64.ActiveCfg = Debug|Any CPU
		{78C1EA9A-7CD5-493A-8545-14FACE729ABF}.Debug|x64.Build.0 = Debug|Any CPU
		{78C1EA9A-7CD5-493A-8545-14FACE729ABF}.Debug|x86.ActiveCfg = Debug|Any CPU
		{78C1EA9A-7CD5-493A-8545-14FACE729ABF}.Debug|x86.Build.0 = Debug|Any CPU
		{78C1EA9A-7CD5-493A-8545-14FACE729ABF}.Release|Any CPU.ActiveCfg = Release|Any CPU
		{78C1EA9A-7CD5-493A-8545-14FACE729ABF}.Release|Any CPU.Build.0 = Release|Any CPU
		{78C1EA9A-7CD5-493A-8545-14FACE729ABF}.Release|ARM.ActiveCfg = Release|Any CPU
		{78C1EA9A-7CD5-493A-8545-14FACE729ABF}.Release|ARM.Build.0 = Release|Any CPU
		{78C1EA9A-7CD5-493A-8545-14FACE729ABF}.Release|arm64.ActiveCfg = Release|Any CPU
		{78C1EA9A-7CD5-493A-8545-14FACE729ABF}.Release|arm64.Build.0 = Release|Any CPU
		{78C1EA9A-7CD5-493A-8545-14FACE729ABF}.Release|iPhone.ActiveCfg = Release|Any CPU
		{78C1EA9A-7CD5-493A-8545-14FACE729ABF}.Release|iPhone.Build.0 = Release|Any CPU
		{78C1EA9A-7CD5-493A-8545-14FACE729ABF}.Release|iPhoneSimulator.ActiveCfg = Release|Any CPU
		{78C1EA9A-7CD5-493A-8545-14FACE729ABF}.Release|iPhoneSimulator.Build.0 = Release|Any CPU
		{78C1EA9A-7CD5-493A-8545-14FACE729ABF}.Release|x64.ActiveCfg = Release|Any CPU
		{78C1EA9A-7CD5-493A-8545-14FACE729ABF}.Release|x64.Build.0 = Release|Any CPU
		{78C1EA9A-7CD5-493A-8545-14FACE729ABF}.Release|x86.ActiveCfg = Release|Any CPU
		{78C1EA9A-7CD5-493A-8545-14FACE729ABF}.Release|x86.Build.0 = Release|Any CPU
		{A4B5484B-CF69-48D7-8972-B1A7E64A1E1B}.Debug|Any CPU.ActiveCfg = Debug|Any CPU
		{A4B5484B-CF69-48D7-8972-B1A7E64A1E1B}.Debug|Any CPU.Build.0 = Debug|Any CPU
		{A4B5484B-CF69-48D7-8972-B1A7E64A1E1B}.Debug|ARM.ActiveCfg = Debug|Any CPU
		{A4B5484B-CF69-48D7-8972-B1A7E64A1E1B}.Debug|ARM.Build.0 = Debug|Any CPU
		{A4B5484B-CF69-48D7-8972-B1A7E64A1E1B}.Debug|arm64.ActiveCfg = Debug|Any CPU
		{A4B5484B-CF69-48D7-8972-B1A7E64A1E1B}.Debug|arm64.Build.0 = Debug|Any CPU
		{A4B5484B-CF69-48D7-8972-B1A7E64A1E1B}.Debug|iPhone.ActiveCfg = Debug|Any CPU
		{A4B5484B-CF69-48D7-8972-B1A7E64A1E1B}.Debug|iPhone.Build.0 = Debug|Any CPU
		{A4B5484B-CF69-48D7-8972-B1A7E64A1E1B}.Debug|iPhoneSimulator.ActiveCfg = Debug|Any CPU
		{A4B5484B-CF69-48D7-8972-B1A7E64A1E1B}.Debug|iPhoneSimulator.Build.0 = Debug|Any CPU
		{A4B5484B-CF69-48D7-8972-B1A7E64A1E1B}.Debug|x64.ActiveCfg = Debug|Any CPU
		{A4B5484B-CF69-48D7-8972-B1A7E64A1E1B}.Debug|x64.Build.0 = Debug|Any CPU
		{A4B5484B-CF69-48D7-8972-B1A7E64A1E1B}.Debug|x86.ActiveCfg = Debug|Any CPU
		{A4B5484B-CF69-48D7-8972-B1A7E64A1E1B}.Debug|x86.Build.0 = Debug|Any CPU
		{A4B5484B-CF69-48D7-8972-B1A7E64A1E1B}.Release|Any CPU.ActiveCfg = Release|Any CPU
		{A4B5484B-CF69-48D7-8972-B1A7E64A1E1B}.Release|Any CPU.Build.0 = Release|Any CPU
		{A4B5484B-CF69-48D7-8972-B1A7E64A1E1B}.Release|ARM.ActiveCfg = Release|Any CPU
		{A4B5484B-CF69-48D7-8972-B1A7E64A1E1B}.Release|ARM.Build.0 = Release|Any CPU
		{A4B5484B-CF69-48D7-8972-B1A7E64A1E1B}.Release|arm64.ActiveCfg = Release|Any CPU
		{A4B5484B-CF69-48D7-8972-B1A7E64A1E1B}.Release|arm64.Build.0 = Release|Any CPU
		{A4B5484B-CF69-48D7-8972-B1A7E64A1E1B}.Release|iPhone.ActiveCfg = Release|Any CPU
		{A4B5484B-CF69-48D7-8972-B1A7E64A1E1B}.Release|iPhone.Build.0 = Release|Any CPU
		{A4B5484B-CF69-48D7-8972-B1A7E64A1E1B}.Release|iPhoneSimulator.ActiveCfg = Release|Any CPU
		{A4B5484B-CF69-48D7-8972-B1A7E64A1E1B}.Release|iPhoneSimulator.Build.0 = Release|Any CPU
		{A4B5484B-CF69-48D7-8972-B1A7E64A1E1B}.Release|x64.ActiveCfg = Release|Any CPU
		{A4B5484B-CF69-48D7-8972-B1A7E64A1E1B}.Release|x64.Build.0 = Release|Any CPU
		{A4B5484B-CF69-48D7-8972-B1A7E64A1E1B}.Release|x86.ActiveCfg = Release|Any CPU
		{A4B5484B-CF69-48D7-8972-B1A7E64A1E1B}.Release|x86.Build.0 = Release|Any CPU
		{4E693B82-7F80-427B-9819-1F802349D614}.Debug|Any CPU.ActiveCfg = Debug|Any CPU
		{4E693B82-7F80-427B-9819-1F802349D614}.Debug|Any CPU.Build.0 = Debug|Any CPU
		{4E693B82-7F80-427B-9819-1F802349D614}.Debug|ARM.ActiveCfg = Debug|Any CPU
		{4E693B82-7F80-427B-9819-1F802349D614}.Debug|ARM.Build.0 = Debug|Any CPU
		{4E693B82-7F80-427B-9819-1F802349D614}.Debug|arm64.ActiveCfg = Debug|Any CPU
		{4E693B82-7F80-427B-9819-1F802349D614}.Debug|arm64.Build.0 = Debug|Any CPU
		{4E693B82-7F80-427B-9819-1F802349D614}.Debug|iPhone.ActiveCfg = Debug|Any CPU
		{4E693B82-7F80-427B-9819-1F802349D614}.Debug|iPhone.Build.0 = Debug|Any CPU
		{4E693B82-7F80-427B-9819-1F802349D614}.Debug|iPhoneSimulator.ActiveCfg = Debug|Any CPU
		{4E693B82-7F80-427B-9819-1F802349D614}.Debug|iPhoneSimulator.Build.0 = Debug|Any CPU
		{4E693B82-7F80-427B-9819-1F802349D614}.Debug|x64.ActiveCfg = Debug|Any CPU
		{4E693B82-7F80-427B-9819-1F802349D614}.Debug|x64.Build.0 = Debug|Any CPU
		{4E693B82-7F80-427B-9819-1F802349D614}.Debug|x86.ActiveCfg = Debug|Any CPU
		{4E693B82-7F80-427B-9819-1F802349D614}.Debug|x86.Build.0 = Debug|Any CPU
		{4E693B82-7F80-427B-9819-1F802349D614}.Release|Any CPU.ActiveCfg = Release|Any CPU
		{4E693B82-7F80-427B-9819-1F802349D614}.Release|Any CPU.Build.0 = Release|Any CPU
		{4E693B82-7F80-427B-9819-1F802349D614}.Release|ARM.ActiveCfg = Release|Any CPU
		{4E693B82-7F80-427B-9819-1F802349D614}.Release|ARM.Build.0 = Release|Any CPU
		{4E693B82-7F80-427B-9819-1F802349D614}.Release|arm64.ActiveCfg = Release|Any CPU
		{4E693B82-7F80-427B-9819-1F802349D614}.Release|arm64.Build.0 = Release|Any CPU
		{4E693B82-7F80-427B-9819-1F802349D614}.Release|iPhone.ActiveCfg = Release|Any CPU
		{4E693B82-7F80-427B-9819-1F802349D614}.Release|iPhone.Build.0 = Release|Any CPU
		{4E693B82-7F80-427B-9819-1F802349D614}.Release|iPhoneSimulator.ActiveCfg = Release|Any CPU
		{4E693B82-7F80-427B-9819-1F802349D614}.Release|iPhoneSimulator.Build.0 = Release|Any CPU
		{4E693B82-7F80-427B-9819-1F802349D614}.Release|x64.ActiveCfg = Release|Any CPU
		{4E693B82-7F80-427B-9819-1F802349D614}.Release|x64.Build.0 = Release|Any CPU
		{4E693B82-7F80-427B-9819-1F802349D614}.Release|x86.ActiveCfg = Release|Any CPU
		{4E693B82-7F80-427B-9819-1F802349D614}.Release|x86.Build.0 = Release|Any CPU
		{D9A361C2-6F41-4CC1-99C3-2DD9E1D472CE}.Debug|Any CPU.ActiveCfg = Debug|Any CPU
		{D9A361C2-6F41-4CC1-99C3-2DD9E1D472CE}.Debug|Any CPU.Build.0 = Debug|Any CPU
		{D9A361C2-6F41-4CC1-99C3-2DD9E1D472CE}.Debug|ARM.ActiveCfg = Debug|Any CPU
		{D9A361C2-6F41-4CC1-99C3-2DD9E1D472CE}.Debug|ARM.Build.0 = Debug|Any CPU
		{D9A361C2-6F41-4CC1-99C3-2DD9E1D472CE}.Debug|arm64.ActiveCfg = Debug|Any CPU
		{D9A361C2-6F41-4CC1-99C3-2DD9E1D472CE}.Debug|arm64.Build.0 = Debug|Any CPU
		{D9A361C2-6F41-4CC1-99C3-2DD9E1D472CE}.Debug|iPhone.ActiveCfg = Debug|Any CPU
		{D9A361C2-6F41-4CC1-99C3-2DD9E1D472CE}.Debug|iPhone.Build.0 = Debug|Any CPU
		{D9A361C2-6F41-4CC1-99C3-2DD9E1D472CE}.Debug|iPhoneSimulator.ActiveCfg = Debug|Any CPU
		{D9A361C2-6F41-4CC1-99C3-2DD9E1D472CE}.Debug|iPhoneSimulator.Build.0 = Debug|Any CPU
		{D9A361C2-6F41-4CC1-99C3-2DD9E1D472CE}.Debug|x64.ActiveCfg = Debug|Any CPU
		{D9A361C2-6F41-4CC1-99C3-2DD9E1D472CE}.Debug|x64.Build.0 = Debug|Any CPU
		{D9A361C2-6F41-4CC1-99C3-2DD9E1D472CE}.Debug|x86.ActiveCfg = Debug|Any CPU
		{D9A361C2-6F41-4CC1-99C3-2DD9E1D472CE}.Debug|x86.Build.0 = Debug|Any CPU
		{D9A361C2-6F41-4CC1-99C3-2DD9E1D472CE}.Release|Any CPU.ActiveCfg = Release|Any CPU
		{D9A361C2-6F41-4CC1-99C3-2DD9E1D472CE}.Release|Any CPU.Build.0 = Release|Any CPU
		{D9A361C2-6F41-4CC1-99C3-2DD9E1D472CE}.Release|ARM.ActiveCfg = Release|Any CPU
		{D9A361C2-6F41-4CC1-99C3-2DD9E1D472CE}.Release|ARM.Build.0 = Release|Any CPU
		{D9A361C2-6F41-4CC1-99C3-2DD9E1D472CE}.Release|arm64.ActiveCfg = Release|Any CPU
		{D9A361C2-6F41-4CC1-99C3-2DD9E1D472CE}.Release|arm64.Build.0 = Release|Any CPU
		{D9A361C2-6F41-4CC1-99C3-2DD9E1D472CE}.Release|iPhone.ActiveCfg = Release|Any CPU
		{D9A361C2-6F41-4CC1-99C3-2DD9E1D472CE}.Release|iPhone.Build.0 = Release|Any CPU
		{D9A361C2-6F41-4CC1-99C3-2DD9E1D472CE}.Release|iPhoneSimulator.ActiveCfg = Release|Any CPU
		{D9A361C2-6F41-4CC1-99C3-2DD9E1D472CE}.Release|iPhoneSimulator.Build.0 = Release|Any CPU
		{D9A361C2-6F41-4CC1-99C3-2DD9E1D472CE}.Release|x64.ActiveCfg = Release|Any CPU
		{D9A361C2-6F41-4CC1-99C3-2DD9E1D472CE}.Release|x64.Build.0 = Release|Any CPU
		{D9A361C2-6F41-4CC1-99C3-2DD9E1D472CE}.Release|x86.ActiveCfg = Release|Any CPU
		{D9A361C2-6F41-4CC1-99C3-2DD9E1D472CE}.Release|x86.Build.0 = Release|Any CPU
		{2867CF2E-49FB-403D-A613-A88CD149F173}.Debug|Any CPU.ActiveCfg = Debug|Any CPU
		{2867CF2E-49FB-403D-A613-A88CD149F173}.Debug|Any CPU.Build.0 = Debug|Any CPU
		{2867CF2E-49FB-403D-A613-A88CD149F173}.Debug|ARM.ActiveCfg = Debug|Any CPU
		{2867CF2E-49FB-403D-A613-A88CD149F173}.Debug|ARM.Build.0 = Debug|Any CPU
		{2867CF2E-49FB-403D-A613-A88CD149F173}.Debug|arm64.ActiveCfg = Debug|Any CPU
		{2867CF2E-49FB-403D-A613-A88CD149F173}.Debug|arm64.Build.0 = Debug|Any CPU
		{2867CF2E-49FB-403D-A613-A88CD149F173}.Debug|iPhone.ActiveCfg = Debug|Any CPU
		{2867CF2E-49FB-403D-A613-A88CD149F173}.Debug|iPhone.Build.0 = Debug|Any CPU
		{2867CF2E-49FB-403D-A613-A88CD149F173}.Debug|iPhoneSimulator.ActiveCfg = Debug|Any CPU
		{2867CF2E-49FB-403D-A613-A88CD149F173}.Debug|iPhoneSimulator.Build.0 = Debug|Any CPU
		{2867CF2E-49FB-403D-A613-A88CD149F173}.Debug|x64.ActiveCfg = Debug|Any CPU
		{2867CF2E-49FB-403D-A613-A88CD149F173}.Debug|x64.Build.0 = Debug|Any CPU
		{2867CF2E-49FB-403D-A613-A88CD149F173}.Debug|x86.ActiveCfg = Debug|Any CPU
		{2867CF2E-49FB-403D-A613-A88CD149F173}.Debug|x86.Build.0 = Debug|Any CPU
		{2867CF2E-49FB-403D-A613-A88CD149F173}.Release|Any CPU.ActiveCfg = Release|Any CPU
		{2867CF2E-49FB-403D-A613-A88CD149F173}.Release|Any CPU.Build.0 = Release|Any CPU
		{2867CF2E-49FB-403D-A613-A88CD149F173}.Release|ARM.ActiveCfg = Release|Any CPU
		{2867CF2E-49FB-403D-A613-A88CD149F173}.Release|ARM.Build.0 = Release|Any CPU
		{2867CF2E-49FB-403D-A613-A88CD149F173}.Release|arm64.ActiveCfg = Release|Any CPU
		{2867CF2E-49FB-403D-A613-A88CD149F173}.Release|arm64.Build.0 = Release|Any CPU
		{2867CF2E-49FB-403D-A613-A88CD149F173}.Release|iPhone.ActiveCfg = Release|Any CPU
		{2867CF2E-49FB-403D-A613-A88CD149F173}.Release|iPhone.Build.0 = Release|Any CPU
		{2867CF2E-49FB-403D-A613-A88CD149F173}.Release|iPhoneSimulator.ActiveCfg = Release|Any CPU
		{2867CF2E-49FB-403D-A613-A88CD149F173}.Release|iPhoneSimulator.Build.0 = Release|Any CPU
		{2867CF2E-49FB-403D-A613-A88CD149F173}.Release|x64.ActiveCfg = Release|Any CPU
		{2867CF2E-49FB-403D-A613-A88CD149F173}.Release|x64.Build.0 = Release|Any CPU
		{2867CF2E-49FB-403D-A613-A88CD149F173}.Release|x86.ActiveCfg = Release|Any CPU
		{2867CF2E-49FB-403D-A613-A88CD149F173}.Release|x86.Build.0 = Release|Any CPU
		{B8D40734-B77D-4E71-A58C-6B3231CE07F5}.Debug|Any CPU.ActiveCfg = Debug|Any CPU
		{B8D40734-B77D-4E71-A58C-6B3231CE07F5}.Debug|Any CPU.Build.0 = Debug|Any CPU
		{B8D40734-B77D-4E71-A58C-6B3231CE07F5}.Debug|ARM.ActiveCfg = Debug|Any CPU
		{B8D40734-B77D-4E71-A58C-6B3231CE07F5}.Debug|ARM.Build.0 = Debug|Any CPU
		{B8D40734-B77D-4E71-A58C-6B3231CE07F5}.Debug|arm64.ActiveCfg = Debug|Any CPU
		{B8D40734-B77D-4E71-A58C-6B3231CE07F5}.Debug|iPhone.ActiveCfg = Debug|Any CPU
		{B8D40734-B77D-4E71-A58C-6B3231CE07F5}.Debug|iPhone.Build.0 = Debug|Any CPU
		{B8D40734-B77D-4E71-A58C-6B3231CE07F5}.Debug|iPhoneSimulator.ActiveCfg = Debug|Any CPU
		{B8D40734-B77D-4E71-A58C-6B3231CE07F5}.Debug|iPhoneSimulator.Build.0 = Debug|Any CPU
		{B8D40734-B77D-4E71-A58C-6B3231CE07F5}.Debug|x64.ActiveCfg = Debug|Any CPU
		{B8D40734-B77D-4E71-A58C-6B3231CE07F5}.Debug|x64.Build.0 = Debug|Any CPU
		{B8D40734-B77D-4E71-A58C-6B3231CE07F5}.Debug|x86.ActiveCfg = Debug|Any CPU
		{B8D40734-B77D-4E71-A58C-6B3231CE07F5}.Debug|x86.Build.0 = Debug|Any CPU
		{B8D40734-B77D-4E71-A58C-6B3231CE07F5}.Release|Any CPU.ActiveCfg = Release|Any CPU
		{B8D40734-B77D-4E71-A58C-6B3231CE07F5}.Release|Any CPU.Build.0 = Release|Any CPU
		{B8D40734-B77D-4E71-A58C-6B3231CE07F5}.Release|ARM.ActiveCfg = Release|Any CPU
		{B8D40734-B77D-4E71-A58C-6B3231CE07F5}.Release|ARM.Build.0 = Release|Any CPU
		{B8D40734-B77D-4E71-A58C-6B3231CE07F5}.Release|arm64.ActiveCfg = Release|Any CPU
		{B8D40734-B77D-4E71-A58C-6B3231CE07F5}.Release|iPhone.ActiveCfg = Release|Any CPU
		{B8D40734-B77D-4E71-A58C-6B3231CE07F5}.Release|iPhone.Build.0 = Release|Any CPU
		{B8D40734-B77D-4E71-A58C-6B3231CE07F5}.Release|iPhoneSimulator.ActiveCfg = Release|Any CPU
		{B8D40734-B77D-4E71-A58C-6B3231CE07F5}.Release|iPhoneSimulator.Build.0 = Release|Any CPU
		{B8D40734-B77D-4E71-A58C-6B3231CE07F5}.Release|x64.ActiveCfg = Release|Any CPU
		{B8D40734-B77D-4E71-A58C-6B3231CE07F5}.Release|x64.Build.0 = Release|Any CPU
		{B8D40734-B77D-4E71-A58C-6B3231CE07F5}.Release|x86.ActiveCfg = Release|Any CPU
		{B8D40734-B77D-4E71-A58C-6B3231CE07F5}.Release|x86.Build.0 = Release|Any CPU
		{82185CDF-2871-49F6-96A6-BF8836B19754}.Debug|Any CPU.ActiveCfg = Debug|Any CPU
		{82185CDF-2871-49F6-96A6-BF8836B19754}.Debug|Any CPU.Build.0 = Debug|Any CPU
		{82185CDF-2871-49F6-96A6-BF8836B19754}.Debug|ARM.ActiveCfg = Debug|Any CPU
		{82185CDF-2871-49F6-96A6-BF8836B19754}.Debug|ARM.Build.0 = Debug|Any CPU
		{82185CDF-2871-49F6-96A6-BF8836B19754}.Debug|arm64.ActiveCfg = Debug|Any CPU
		{82185CDF-2871-49F6-96A6-BF8836B19754}.Debug|iPhone.ActiveCfg = Debug|Any CPU
		{82185CDF-2871-49F6-96A6-BF8836B19754}.Debug|iPhone.Build.0 = Debug|Any CPU
		{82185CDF-2871-49F6-96A6-BF8836B19754}.Debug|iPhoneSimulator.ActiveCfg = Debug|Any CPU
		{82185CDF-2871-49F6-96A6-BF8836B19754}.Debug|iPhoneSimulator.Build.0 = Debug|Any CPU
		{82185CDF-2871-49F6-96A6-BF8836B19754}.Debug|x64.ActiveCfg = Debug|Any CPU
		{82185CDF-2871-49F6-96A6-BF8836B19754}.Debug|x64.Build.0 = Debug|Any CPU
		{82185CDF-2871-49F6-96A6-BF8836B19754}.Debug|x86.ActiveCfg = Debug|Any CPU
		{82185CDF-2871-49F6-96A6-BF8836B19754}.Debug|x86.Build.0 = Debug|Any CPU
		{82185CDF-2871-49F6-96A6-BF8836B19754}.Release|Any CPU.ActiveCfg = Release|Any CPU
		{82185CDF-2871-49F6-96A6-BF8836B19754}.Release|Any CPU.Build.0 = Release|Any CPU
		{82185CDF-2871-49F6-96A6-BF8836B19754}.Release|ARM.ActiveCfg = Release|Any CPU
		{82185CDF-2871-49F6-96A6-BF8836B19754}.Release|ARM.Build.0 = Release|Any CPU
		{82185CDF-2871-49F6-96A6-BF8836B19754}.Release|arm64.ActiveCfg = Release|Any CPU
		{82185CDF-2871-49F6-96A6-BF8836B19754}.Release|iPhone.ActiveCfg = Release|Any CPU
		{82185CDF-2871-49F6-96A6-BF8836B19754}.Release|iPhone.Build.0 = Release|Any CPU
		{82185CDF-2871-49F6-96A6-BF8836B19754}.Release|iPhoneSimulator.ActiveCfg = Release|Any CPU
		{82185CDF-2871-49F6-96A6-BF8836B19754}.Release|iPhoneSimulator.Build.0 = Release|Any CPU
		{82185CDF-2871-49F6-96A6-BF8836B19754}.Release|x64.ActiveCfg = Release|Any CPU
		{82185CDF-2871-49F6-96A6-BF8836B19754}.Release|x64.Build.0 = Release|Any CPU
		{82185CDF-2871-49F6-96A6-BF8836B19754}.Release|x86.ActiveCfg = Release|Any CPU
		{82185CDF-2871-49F6-96A6-BF8836B19754}.Release|x86.Build.0 = Release|Any CPU
		{B5F17176-E6A4-48CF-959A-433E635B0F18}.Debug|Any CPU.ActiveCfg = Debug|Any CPU
		{B5F17176-E6A4-48CF-959A-433E635B0F18}.Debug|Any CPU.Build.0 = Debug|Any CPU
		{B5F17176-E6A4-48CF-959A-433E635B0F18}.Debug|ARM.ActiveCfg = Debug|Any CPU
		{B5F17176-E6A4-48CF-959A-433E635B0F18}.Debug|ARM.Build.0 = Debug|Any CPU
		{B5F17176-E6A4-48CF-959A-433E635B0F18}.Debug|arm64.ActiveCfg = Debug|Any CPU
		{B5F17176-E6A4-48CF-959A-433E635B0F18}.Debug|iPhone.ActiveCfg = Debug|Any CPU
		{B5F17176-E6A4-48CF-959A-433E635B0F18}.Debug|iPhone.Build.0 = Debug|Any CPU
		{B5F17176-E6A4-48CF-959A-433E635B0F18}.Debug|iPhoneSimulator.ActiveCfg = Debug|Any CPU
		{B5F17176-E6A4-48CF-959A-433E635B0F18}.Debug|iPhoneSimulator.Build.0 = Debug|Any CPU
		{B5F17176-E6A4-48CF-959A-433E635B0F18}.Debug|x64.ActiveCfg = Debug|Any CPU
		{B5F17176-E6A4-48CF-959A-433E635B0F18}.Debug|x64.Build.0 = Debug|Any CPU
		{B5F17176-E6A4-48CF-959A-433E635B0F18}.Debug|x86.ActiveCfg = Debug|Any CPU
		{B5F17176-E6A4-48CF-959A-433E635B0F18}.Debug|x86.Build.0 = Debug|Any CPU
		{B5F17176-E6A4-48CF-959A-433E635B0F18}.Release|Any CPU.ActiveCfg = Release|Any CPU
		{B5F17176-E6A4-48CF-959A-433E635B0F18}.Release|Any CPU.Build.0 = Release|Any CPU
		{B5F17176-E6A4-48CF-959A-433E635B0F18}.Release|ARM.ActiveCfg = Release|Any CPU
		{B5F17176-E6A4-48CF-959A-433E635B0F18}.Release|ARM.Build.0 = Release|Any CPU
		{B5F17176-E6A4-48CF-959A-433E635B0F18}.Release|arm64.ActiveCfg = Release|Any CPU
		{B5F17176-E6A4-48CF-959A-433E635B0F18}.Release|iPhone.ActiveCfg = Release|Any CPU
		{B5F17176-E6A4-48CF-959A-433E635B0F18}.Release|iPhone.Build.0 = Release|Any CPU
		{B5F17176-E6A4-48CF-959A-433E635B0F18}.Release|iPhoneSimulator.ActiveCfg = Release|Any CPU
		{B5F17176-E6A4-48CF-959A-433E635B0F18}.Release|iPhoneSimulator.Build.0 = Release|Any CPU
		{B5F17176-E6A4-48CF-959A-433E635B0F18}.Release|x64.ActiveCfg = Release|Any CPU
		{B5F17176-E6A4-48CF-959A-433E635B0F18}.Release|x64.Build.0 = Release|Any CPU
		{B5F17176-E6A4-48CF-959A-433E635B0F18}.Release|x86.ActiveCfg = Release|Any CPU
		{B5F17176-E6A4-48CF-959A-433E635B0F18}.Release|x86.Build.0 = Release|Any CPU
		{4CA3CED8-ED7C-45EA-A7A2-6F6F0AA7FCCA}.Debug|Any CPU.ActiveCfg = Debug|Any CPU
		{4CA3CED8-ED7C-45EA-A7A2-6F6F0AA7FCCA}.Debug|Any CPU.Build.0 = Debug|Any CPU
		{4CA3CED8-ED7C-45EA-A7A2-6F6F0AA7FCCA}.Debug|ARM.ActiveCfg = Debug|Any CPU
		{4CA3CED8-ED7C-45EA-A7A2-6F6F0AA7FCCA}.Debug|ARM.Build.0 = Debug|Any CPU
		{4CA3CED8-ED7C-45EA-A7A2-6F6F0AA7FCCA}.Debug|arm64.ActiveCfg = Debug|Any CPU
		{4CA3CED8-ED7C-45EA-A7A2-6F6F0AA7FCCA}.Debug|iPhone.ActiveCfg = Debug|Any CPU
		{4CA3CED8-ED7C-45EA-A7A2-6F6F0AA7FCCA}.Debug|iPhone.Build.0 = Debug|Any CPU
		{4CA3CED8-ED7C-45EA-A7A2-6F6F0AA7FCCA}.Debug|iPhoneSimulator.ActiveCfg = Debug|Any CPU
		{4CA3CED8-ED7C-45EA-A7A2-6F6F0AA7FCCA}.Debug|iPhoneSimulator.Build.0 = Debug|Any CPU
		{4CA3CED8-ED7C-45EA-A7A2-6F6F0AA7FCCA}.Debug|x64.ActiveCfg = Debug|Any CPU
		{4CA3CED8-ED7C-45EA-A7A2-6F6F0AA7FCCA}.Debug|x64.Build.0 = Debug|Any CPU
		{4CA3CED8-ED7C-45EA-A7A2-6F6F0AA7FCCA}.Debug|x86.ActiveCfg = Debug|Any CPU
		{4CA3CED8-ED7C-45EA-A7A2-6F6F0AA7FCCA}.Debug|x86.Build.0 = Debug|Any CPU
		{4CA3CED8-ED7C-45EA-A7A2-6F6F0AA7FCCA}.Release|Any CPU.ActiveCfg = Release|Any CPU
		{4CA3CED8-ED7C-45EA-A7A2-6F6F0AA7FCCA}.Release|Any CPU.Build.0 = Release|Any CPU
		{4CA3CED8-ED7C-45EA-A7A2-6F6F0AA7FCCA}.Release|ARM.ActiveCfg = Release|Any CPU
		{4CA3CED8-ED7C-45EA-A7A2-6F6F0AA7FCCA}.Release|ARM.Build.0 = Release|Any CPU
		{4CA3CED8-ED7C-45EA-A7A2-6F6F0AA7FCCA}.Release|arm64.ActiveCfg = Release|Any CPU
		{4CA3CED8-ED7C-45EA-A7A2-6F6F0AA7FCCA}.Release|iPhone.ActiveCfg = Release|Any CPU
		{4CA3CED8-ED7C-45EA-A7A2-6F6F0AA7FCCA}.Release|iPhone.Build.0 = Release|Any CPU
		{4CA3CED8-ED7C-45EA-A7A2-6F6F0AA7FCCA}.Release|iPhoneSimulator.ActiveCfg = Release|Any CPU
		{4CA3CED8-ED7C-45EA-A7A2-6F6F0AA7FCCA}.Release|iPhoneSimulator.Build.0 = Release|Any CPU
		{4CA3CED8-ED7C-45EA-A7A2-6F6F0AA7FCCA}.Release|x64.ActiveCfg = Release|Any CPU
		{4CA3CED8-ED7C-45EA-A7A2-6F6F0AA7FCCA}.Release|x64.Build.0 = Release|Any CPU
		{4CA3CED8-ED7C-45EA-A7A2-6F6F0AA7FCCA}.Release|x86.ActiveCfg = Release|Any CPU
		{4CA3CED8-ED7C-45EA-A7A2-6F6F0AA7FCCA}.Release|x86.Build.0 = Release|Any CPU
		{FB367C0E-20D8-47CB-8B2B-2AAC2A21F5EC}.Debug|Any CPU.ActiveCfg = Debug|Any CPU
		{FB367C0E-20D8-47CB-8B2B-2AAC2A21F5EC}.Debug|Any CPU.Build.0 = Debug|Any CPU
		{FB367C0E-20D8-47CB-8B2B-2AAC2A21F5EC}.Debug|ARM.ActiveCfg = Debug|Any CPU
		{FB367C0E-20D8-47CB-8B2B-2AAC2A21F5EC}.Debug|ARM.Build.0 = Debug|Any CPU
		{FB367C0E-20D8-47CB-8B2B-2AAC2A21F5EC}.Debug|arm64.ActiveCfg = Debug|Any CPU
		{FB367C0E-20D8-47CB-8B2B-2AAC2A21F5EC}.Debug|iPhone.ActiveCfg = Debug|Any CPU
		{FB367C0E-20D8-47CB-8B2B-2AAC2A21F5EC}.Debug|iPhone.Build.0 = Debug|Any CPU
		{FB367C0E-20D8-47CB-8B2B-2AAC2A21F5EC}.Debug|iPhoneSimulator.ActiveCfg = Debug|Any CPU
		{FB367C0E-20D8-47CB-8B2B-2AAC2A21F5EC}.Debug|iPhoneSimulator.Build.0 = Debug|Any CPU
		{FB367C0E-20D8-47CB-8B2B-2AAC2A21F5EC}.Debug|x64.ActiveCfg = Debug|Any CPU
		{FB367C0E-20D8-47CB-8B2B-2AAC2A21F5EC}.Debug|x64.Build.0 = Debug|Any CPU
		{FB367C0E-20D8-47CB-8B2B-2AAC2A21F5EC}.Debug|x86.ActiveCfg = Debug|Any CPU
		{FB367C0E-20D8-47CB-8B2B-2AAC2A21F5EC}.Debug|x86.Build.0 = Debug|Any CPU
		{FB367C0E-20D8-47CB-8B2B-2AAC2A21F5EC}.Release|Any CPU.ActiveCfg = Release|Any CPU
		{FB367C0E-20D8-47CB-8B2B-2AAC2A21F5EC}.Release|Any CPU.Build.0 = Release|Any CPU
		{FB367C0E-20D8-47CB-8B2B-2AAC2A21F5EC}.Release|ARM.ActiveCfg = Release|Any CPU
		{FB367C0E-20D8-47CB-8B2B-2AAC2A21F5EC}.Release|ARM.Build.0 = Release|Any CPU
		{FB367C0E-20D8-47CB-8B2B-2AAC2A21F5EC}.Release|arm64.ActiveCfg = Release|Any CPU
		{FB367C0E-20D8-47CB-8B2B-2AAC2A21F5EC}.Release|iPhone.ActiveCfg = Release|Any CPU
		{FB367C0E-20D8-47CB-8B2B-2AAC2A21F5EC}.Release|iPhone.Build.0 = Release|Any CPU
		{FB367C0E-20D8-47CB-8B2B-2AAC2A21F5EC}.Release|iPhoneSimulator.ActiveCfg = Release|Any CPU
		{FB367C0E-20D8-47CB-8B2B-2AAC2A21F5EC}.Release|iPhoneSimulator.Build.0 = Release|Any CPU
		{FB367C0E-20D8-47CB-8B2B-2AAC2A21F5EC}.Release|x64.ActiveCfg = Release|Any CPU
		{FB367C0E-20D8-47CB-8B2B-2AAC2A21F5EC}.Release|x64.Build.0 = Release|Any CPU
		{FB367C0E-20D8-47CB-8B2B-2AAC2A21F5EC}.Release|x86.ActiveCfg = Release|Any CPU
		{FB367C0E-20D8-47CB-8B2B-2AAC2A21F5EC}.Release|x86.Build.0 = Release|Any CPU
		{8E71B2DD-17A1-4C92-9D5F-639332014DE4}.Debug|Any CPU.ActiveCfg = Debug|Any CPU
		{8E71B2DD-17A1-4C92-9D5F-639332014DE4}.Debug|Any CPU.Build.0 = Debug|Any CPU
		{8E71B2DD-17A1-4C92-9D5F-639332014DE4}.Debug|ARM.ActiveCfg = Debug|Any CPU
		{8E71B2DD-17A1-4C92-9D5F-639332014DE4}.Debug|ARM.Build.0 = Debug|Any CPU
		{8E71B2DD-17A1-4C92-9D5F-639332014DE4}.Debug|arm64.ActiveCfg = Debug|Any CPU
		{8E71B2DD-17A1-4C92-9D5F-639332014DE4}.Debug|arm64.Build.0 = Debug|Any CPU
		{8E71B2DD-17A1-4C92-9D5F-639332014DE4}.Debug|iPhone.ActiveCfg = Debug|Any CPU
		{8E71B2DD-17A1-4C92-9D5F-639332014DE4}.Debug|iPhone.Build.0 = Debug|Any CPU
		{8E71B2DD-17A1-4C92-9D5F-639332014DE4}.Debug|iPhoneSimulator.ActiveCfg = Debug|Any CPU
		{8E71B2DD-17A1-4C92-9D5F-639332014DE4}.Debug|iPhoneSimulator.Build.0 = Debug|Any CPU
		{8E71B2DD-17A1-4C92-9D5F-639332014DE4}.Debug|x64.ActiveCfg = Debug|Any CPU
		{8E71B2DD-17A1-4C92-9D5F-639332014DE4}.Debug|x64.Build.0 = Debug|Any CPU
		{8E71B2DD-17A1-4C92-9D5F-639332014DE4}.Debug|x86.ActiveCfg = Debug|Any CPU
		{8E71B2DD-17A1-4C92-9D5F-639332014DE4}.Debug|x86.Build.0 = Debug|Any CPU
		{8E71B2DD-17A1-4C92-9D5F-639332014DE4}.Release|Any CPU.ActiveCfg = Release|Any CPU
		{8E71B2DD-17A1-4C92-9D5F-639332014DE4}.Release|Any CPU.Build.0 = Release|Any CPU
		{8E71B2DD-17A1-4C92-9D5F-639332014DE4}.Release|ARM.ActiveCfg = Release|Any CPU
		{8E71B2DD-17A1-4C92-9D5F-639332014DE4}.Release|ARM.Build.0 = Release|Any CPU
		{8E71B2DD-17A1-4C92-9D5F-639332014DE4}.Release|arm64.ActiveCfg = Release|Any CPU
		{8E71B2DD-17A1-4C92-9D5F-639332014DE4}.Release|arm64.Build.0 = Release|Any CPU
		{8E71B2DD-17A1-4C92-9D5F-639332014DE4}.Release|iPhone.ActiveCfg = Release|Any CPU
		{8E71B2DD-17A1-4C92-9D5F-639332014DE4}.Release|iPhone.Build.0 = Release|Any CPU
		{8E71B2DD-17A1-4C92-9D5F-639332014DE4}.Release|iPhoneSimulator.ActiveCfg = Release|Any CPU
		{8E71B2DD-17A1-4C92-9D5F-639332014DE4}.Release|iPhoneSimulator.Build.0 = Release|Any CPU
		{8E71B2DD-17A1-4C92-9D5F-639332014DE4}.Release|x64.ActiveCfg = Release|Any CPU
		{8E71B2DD-17A1-4C92-9D5F-639332014DE4}.Release|x64.Build.0 = Release|Any CPU
		{8E71B2DD-17A1-4C92-9D5F-639332014DE4}.Release|x86.ActiveCfg = Release|Any CPU
		{8E71B2DD-17A1-4C92-9D5F-639332014DE4}.Release|x86.Build.0 = Release|Any CPU
		{1CE25C03-C874-4F59-B9E1-06D3C0E07816}.Debug|Any CPU.ActiveCfg = Debug|Any CPU
		{1CE25C03-C874-4F59-B9E1-06D3C0E07816}.Debug|Any CPU.Build.0 = Debug|Any CPU
		{1CE25C03-C874-4F59-B9E1-06D3C0E07816}.Debug|ARM.ActiveCfg = Debug|Any CPU
		{1CE25C03-C874-4F59-B9E1-06D3C0E07816}.Debug|ARM.Build.0 = Debug|Any CPU
		{1CE25C03-C874-4F59-B9E1-06D3C0E07816}.Debug|arm64.ActiveCfg = Debug|Any CPU
		{1CE25C03-C874-4F59-B9E1-06D3C0E07816}.Debug|arm64.Build.0 = Debug|Any CPU
		{1CE25C03-C874-4F59-B9E1-06D3C0E07816}.Debug|iPhone.ActiveCfg = Debug|Any CPU
		{1CE25C03-C874-4F59-B9E1-06D3C0E07816}.Debug|iPhone.Build.0 = Debug|Any CPU
		{1CE25C03-C874-4F59-B9E1-06D3C0E07816}.Debug|iPhoneSimulator.ActiveCfg = Debug|Any CPU
		{1CE25C03-C874-4F59-B9E1-06D3C0E07816}.Debug|iPhoneSimulator.Build.0 = Debug|Any CPU
		{1CE25C03-C874-4F59-B9E1-06D3C0E07816}.Debug|x64.ActiveCfg = Debug|Any CPU
		{1CE25C03-C874-4F59-B9E1-06D3C0E07816}.Debug|x64.Build.0 = Debug|Any CPU
		{1CE25C03-C874-4F59-B9E1-06D3C0E07816}.Debug|x86.ActiveCfg = Debug|Any CPU
		{1CE25C03-C874-4F59-B9E1-06D3C0E07816}.Debug|x86.Build.0 = Debug|Any CPU
		{1CE25C03-C874-4F59-B9E1-06D3C0E07816}.Release|Any CPU.ActiveCfg = Release|Any CPU
		{1CE25C03-C874-4F59-B9E1-06D3C0E07816}.Release|Any CPU.Build.0 = Release|Any CPU
		{1CE25C03-C874-4F59-B9E1-06D3C0E07816}.Release|ARM.ActiveCfg = Release|Any CPU
		{1CE25C03-C874-4F59-B9E1-06D3C0E07816}.Release|ARM.Build.0 = Release|Any CPU
		{1CE25C03-C874-4F59-B9E1-06D3C0E07816}.Release|arm64.ActiveCfg = Release|Any CPU
		{1CE25C03-C874-4F59-B9E1-06D3C0E07816}.Release|arm64.Build.0 = Release|Any CPU
		{1CE25C03-C874-4F59-B9E1-06D3C0E07816}.Release|iPhone.ActiveCfg = Release|Any CPU
		{1CE25C03-C874-4F59-B9E1-06D3C0E07816}.Release|iPhone.Build.0 = Release|Any CPU
		{1CE25C03-C874-4F59-B9E1-06D3C0E07816}.Release|iPhoneSimulator.ActiveCfg = Release|Any CPU
		{1CE25C03-C874-4F59-B9E1-06D3C0E07816}.Release|iPhoneSimulator.Build.0 = Release|Any CPU
		{1CE25C03-C874-4F59-B9E1-06D3C0E07816}.Release|x64.ActiveCfg = Release|Any CPU
		{1CE25C03-C874-4F59-B9E1-06D3C0E07816}.Release|x64.Build.0 = Release|Any CPU
		{1CE25C03-C874-4F59-B9E1-06D3C0E07816}.Release|x86.ActiveCfg = Release|Any CPU
		{1CE25C03-C874-4F59-B9E1-06D3C0E07816}.Release|x86.Build.0 = Release|Any CPU
		{653B6D4F-9533-4631-B60E-6429048008FA}.Debug|Any CPU.ActiveCfg = Debug|Any CPU
		{653B6D4F-9533-4631-B60E-6429048008FA}.Debug|Any CPU.Build.0 = Debug|Any CPU
		{653B6D4F-9533-4631-B60E-6429048008FA}.Debug|ARM.ActiveCfg = Debug|Any CPU
		{653B6D4F-9533-4631-B60E-6429048008FA}.Debug|ARM.Build.0 = Debug|Any CPU
		{653B6D4F-9533-4631-B60E-6429048008FA}.Debug|arm64.ActiveCfg = Debug|Any CPU
		{653B6D4F-9533-4631-B60E-6429048008FA}.Debug|arm64.Build.0 = Debug|Any CPU
		{653B6D4F-9533-4631-B60E-6429048008FA}.Debug|iPhone.ActiveCfg = Debug|Any CPU
		{653B6D4F-9533-4631-B60E-6429048008FA}.Debug|iPhone.Build.0 = Debug|Any CPU
		{653B6D4F-9533-4631-B60E-6429048008FA}.Debug|iPhoneSimulator.ActiveCfg = Debug|Any CPU
		{653B6D4F-9533-4631-B60E-6429048008FA}.Debug|iPhoneSimulator.Build.0 = Debug|Any CPU
		{653B6D4F-9533-4631-B60E-6429048008FA}.Debug|x64.ActiveCfg = Debug|Any CPU
		{653B6D4F-9533-4631-B60E-6429048008FA}.Debug|x64.Build.0 = Debug|Any CPU
		{653B6D4F-9533-4631-B60E-6429048008FA}.Debug|x86.ActiveCfg = Debug|Any CPU
		{653B6D4F-9533-4631-B60E-6429048008FA}.Debug|x86.Build.0 = Debug|Any CPU
		{653B6D4F-9533-4631-B60E-6429048008FA}.Release|Any CPU.ActiveCfg = Release|Any CPU
		{653B6D4F-9533-4631-B60E-6429048008FA}.Release|Any CPU.Build.0 = Release|Any CPU
		{653B6D4F-9533-4631-B60E-6429048008FA}.Release|ARM.ActiveCfg = Release|Any CPU
		{653B6D4F-9533-4631-B60E-6429048008FA}.Release|ARM.Build.0 = Release|Any CPU
		{653B6D4F-9533-4631-B60E-6429048008FA}.Release|arm64.ActiveCfg = Release|Any CPU
		{653B6D4F-9533-4631-B60E-6429048008FA}.Release|arm64.Build.0 = Release|Any CPU
		{653B6D4F-9533-4631-B60E-6429048008FA}.Release|iPhone.ActiveCfg = Release|Any CPU
		{653B6D4F-9533-4631-B60E-6429048008FA}.Release|iPhone.Build.0 = Release|Any CPU
		{653B6D4F-9533-4631-B60E-6429048008FA}.Release|iPhoneSimulator.ActiveCfg = Release|Any CPU
		{653B6D4F-9533-4631-B60E-6429048008FA}.Release|iPhoneSimulator.Build.0 = Release|Any CPU
		{653B6D4F-9533-4631-B60E-6429048008FA}.Release|x64.ActiveCfg = Release|Any CPU
		{653B6D4F-9533-4631-B60E-6429048008FA}.Release|x64.Build.0 = Release|Any CPU
		{653B6D4F-9533-4631-B60E-6429048008FA}.Release|x86.ActiveCfg = Release|Any CPU
		{653B6D4F-9533-4631-B60E-6429048008FA}.Release|x86.Build.0 = Release|Any CPU
		{6FCBD8A2-FA30-4D4C-B344-7B20290992F3}.Debug|Any CPU.ActiveCfg = Debug|Any CPU
		{6FCBD8A2-FA30-4D4C-B344-7B20290992F3}.Debug|Any CPU.Build.0 = Debug|Any CPU
		{6FCBD8A2-FA30-4D4C-B344-7B20290992F3}.Debug|ARM.ActiveCfg = Debug|Any CPU
		{6FCBD8A2-FA30-4D4C-B344-7B20290992F3}.Debug|ARM.Build.0 = Debug|Any CPU
		{6FCBD8A2-FA30-4D4C-B344-7B20290992F3}.Debug|arm64.ActiveCfg = Debug|Any CPU
		{6FCBD8A2-FA30-4D4C-B344-7B20290992F3}.Debug|arm64.Build.0 = Debug|Any CPU
		{6FCBD8A2-FA30-4D4C-B344-7B20290992F3}.Debug|iPhone.ActiveCfg = Debug|Any CPU
		{6FCBD8A2-FA30-4D4C-B344-7B20290992F3}.Debug|iPhone.Build.0 = Debug|Any CPU
		{6FCBD8A2-FA30-4D4C-B344-7B20290992F3}.Debug|iPhoneSimulator.ActiveCfg = Debug|Any CPU
		{6FCBD8A2-FA30-4D4C-B344-7B20290992F3}.Debug|iPhoneSimulator.Build.0 = Debug|Any CPU
		{6FCBD8A2-FA30-4D4C-B344-7B20290992F3}.Debug|x64.ActiveCfg = Debug|Any CPU
		{6FCBD8A2-FA30-4D4C-B344-7B20290992F3}.Debug|x64.Build.0 = Debug|Any CPU
		{6FCBD8A2-FA30-4D4C-B344-7B20290992F3}.Debug|x86.ActiveCfg = Debug|Any CPU
		{6FCBD8A2-FA30-4D4C-B344-7B20290992F3}.Debug|x86.Build.0 = Debug|Any CPU
		{6FCBD8A2-FA30-4D4C-B344-7B20290992F3}.Release|Any CPU.ActiveCfg = Release|Any CPU
		{6FCBD8A2-FA30-4D4C-B344-7B20290992F3}.Release|Any CPU.Build.0 = Release|Any CPU
		{6FCBD8A2-FA30-4D4C-B344-7B20290992F3}.Release|ARM.ActiveCfg = Release|Any CPU
		{6FCBD8A2-FA30-4D4C-B344-7B20290992F3}.Release|ARM.Build.0 = Release|Any CPU
		{6FCBD8A2-FA30-4D4C-B344-7B20290992F3}.Release|arm64.ActiveCfg = Release|Any CPU
		{6FCBD8A2-FA30-4D4C-B344-7B20290992F3}.Release|arm64.Build.0 = Release|Any CPU
		{6FCBD8A2-FA30-4D4C-B344-7B20290992F3}.Release|iPhone.ActiveCfg = Release|Any CPU
		{6FCBD8A2-FA30-4D4C-B344-7B20290992F3}.Release|iPhone.Build.0 = Release|Any CPU
		{6FCBD8A2-FA30-4D4C-B344-7B20290992F3}.Release|iPhoneSimulator.ActiveCfg = Release|Any CPU
		{6FCBD8A2-FA30-4D4C-B344-7B20290992F3}.Release|iPhoneSimulator.Build.0 = Release|Any CPU
		{6FCBD8A2-FA30-4D4C-B344-7B20290992F3}.Release|x64.ActiveCfg = Release|Any CPU
		{6FCBD8A2-FA30-4D4C-B344-7B20290992F3}.Release|x64.Build.0 = Release|Any CPU
		{6FCBD8A2-FA30-4D4C-B344-7B20290992F3}.Release|x86.ActiveCfg = Release|Any CPU
		{6FCBD8A2-FA30-4D4C-B344-7B20290992F3}.Release|x86.Build.0 = Release|Any CPU
		{9AB0AEB7-8164-4C0F-A78B-075F68347CDD}.Debug|Any CPU.ActiveCfg = Debug|Any CPU
		{9AB0AEB7-8164-4C0F-A78B-075F68347CDD}.Debug|Any CPU.Build.0 = Debug|Any CPU
		{9AB0AEB7-8164-4C0F-A78B-075F68347CDD}.Debug|ARM.ActiveCfg = Debug|Any CPU
		{9AB0AEB7-8164-4C0F-A78B-075F68347CDD}.Debug|ARM.Build.0 = Debug|Any CPU
		{9AB0AEB7-8164-4C0F-A78B-075F68347CDD}.Debug|arm64.ActiveCfg = Debug|Any CPU
		{9AB0AEB7-8164-4C0F-A78B-075F68347CDD}.Debug|arm64.Build.0 = Debug|Any CPU
		{9AB0AEB7-8164-4C0F-A78B-075F68347CDD}.Debug|iPhone.ActiveCfg = Debug|Any CPU
		{9AB0AEB7-8164-4C0F-A78B-075F68347CDD}.Debug|iPhone.Build.0 = Debug|Any CPU
		{9AB0AEB7-8164-4C0F-A78B-075F68347CDD}.Debug|iPhoneSimulator.ActiveCfg = Debug|Any CPU
		{9AB0AEB7-8164-4C0F-A78B-075F68347CDD}.Debug|iPhoneSimulator.Build.0 = Debug|Any CPU
		{9AB0AEB7-8164-4C0F-A78B-075F68347CDD}.Debug|x64.ActiveCfg = Debug|Any CPU
		{9AB0AEB7-8164-4C0F-A78B-075F68347CDD}.Debug|x64.Build.0 = Debug|Any CPU
		{9AB0AEB7-8164-4C0F-A78B-075F68347CDD}.Debug|x86.ActiveCfg = Debug|Any CPU
		{9AB0AEB7-8164-4C0F-A78B-075F68347CDD}.Debug|x86.Build.0 = Debug|Any CPU
		{9AB0AEB7-8164-4C0F-A78B-075F68347CDD}.Release|Any CPU.ActiveCfg = Release|Any CPU
		{9AB0AEB7-8164-4C0F-A78B-075F68347CDD}.Release|Any CPU.Build.0 = Release|Any CPU
		{9AB0AEB7-8164-4C0F-A78B-075F68347CDD}.Release|ARM.ActiveCfg = Release|Any CPU
		{9AB0AEB7-8164-4C0F-A78B-075F68347CDD}.Release|ARM.Build.0 = Release|Any CPU
		{9AB0AEB7-8164-4C0F-A78B-075F68347CDD}.Release|arm64.ActiveCfg = Release|Any CPU
		{9AB0AEB7-8164-4C0F-A78B-075F68347CDD}.Release|arm64.Build.0 = Release|Any CPU
		{9AB0AEB7-8164-4C0F-A78B-075F68347CDD}.Release|iPhone.ActiveCfg = Release|Any CPU
		{9AB0AEB7-8164-4C0F-A78B-075F68347CDD}.Release|iPhone.Build.0 = Release|Any CPU
		{9AB0AEB7-8164-4C0F-A78B-075F68347CDD}.Release|iPhoneSimulator.ActiveCfg = Release|Any CPU
		{9AB0AEB7-8164-4C0F-A78B-075F68347CDD}.Release|iPhoneSimulator.Build.0 = Release|Any CPU
		{9AB0AEB7-8164-4C0F-A78B-075F68347CDD}.Release|x64.ActiveCfg = Release|Any CPU
		{9AB0AEB7-8164-4C0F-A78B-075F68347CDD}.Release|x64.Build.0 = Release|Any CPU
		{9AB0AEB7-8164-4C0F-A78B-075F68347CDD}.Release|x86.ActiveCfg = Release|Any CPU
		{9AB0AEB7-8164-4C0F-A78B-075F68347CDD}.Release|x86.Build.0 = Release|Any CPU
		{17B27FD1-E05C-4A74-9975-578A52376AA6}.Debug|Any CPU.ActiveCfg = Debug|Any CPU
		{17B27FD1-E05C-4A74-9975-578A52376AA6}.Debug|Any CPU.Build.0 = Debug|Any CPU
		{17B27FD1-E05C-4A74-9975-578A52376AA6}.Debug|ARM.ActiveCfg = Debug|Any CPU
		{17B27FD1-E05C-4A74-9975-578A52376AA6}.Debug|ARM.Build.0 = Debug|Any CPU
		{17B27FD1-E05C-4A74-9975-578A52376AA6}.Debug|arm64.ActiveCfg = Debug|Any CPU
		{17B27FD1-E05C-4A74-9975-578A52376AA6}.Debug|arm64.Build.0 = Debug|Any CPU
		{17B27FD1-E05C-4A74-9975-578A52376AA6}.Debug|iPhone.ActiveCfg = Debug|Any CPU
		{17B27FD1-E05C-4A74-9975-578A52376AA6}.Debug|iPhone.Build.0 = Debug|Any CPU
		{17B27FD1-E05C-4A74-9975-578A52376AA6}.Debug|iPhoneSimulator.ActiveCfg = Debug|Any CPU
		{17B27FD1-E05C-4A74-9975-578A52376AA6}.Debug|iPhoneSimulator.Build.0 = Debug|Any CPU
		{17B27FD1-E05C-4A74-9975-578A52376AA6}.Debug|x64.ActiveCfg = Debug|Any CPU
		{17B27FD1-E05C-4A74-9975-578A52376AA6}.Debug|x64.Build.0 = Debug|Any CPU
		{17B27FD1-E05C-4A74-9975-578A52376AA6}.Debug|x86.ActiveCfg = Debug|Any CPU
		{17B27FD1-E05C-4A74-9975-578A52376AA6}.Debug|x86.Build.0 = Debug|Any CPU
		{17B27FD1-E05C-4A74-9975-578A52376AA6}.Release|Any CPU.ActiveCfg = Release|Any CPU
		{17B27FD1-E05C-4A74-9975-578A52376AA6}.Release|Any CPU.Build.0 = Release|Any CPU
		{17B27FD1-E05C-4A74-9975-578A52376AA6}.Release|ARM.ActiveCfg = Release|Any CPU
		{17B27FD1-E05C-4A74-9975-578A52376AA6}.Release|ARM.Build.0 = Release|Any CPU
		{17B27FD1-E05C-4A74-9975-578A52376AA6}.Release|arm64.ActiveCfg = Release|Any CPU
		{17B27FD1-E05C-4A74-9975-578A52376AA6}.Release|arm64.Build.0 = Release|Any CPU
		{17B27FD1-E05C-4A74-9975-578A52376AA6}.Release|iPhone.ActiveCfg = Release|Any CPU
		{17B27FD1-E05C-4A74-9975-578A52376AA6}.Release|iPhone.Build.0 = Release|Any CPU
		{17B27FD1-E05C-4A74-9975-578A52376AA6}.Release|iPhoneSimulator.ActiveCfg = Release|Any CPU
		{17B27FD1-E05C-4A74-9975-578A52376AA6}.Release|iPhoneSimulator.Build.0 = Release|Any CPU
		{17B27FD1-E05C-4A74-9975-578A52376AA6}.Release|x64.ActiveCfg = Release|Any CPU
		{17B27FD1-E05C-4A74-9975-578A52376AA6}.Release|x64.Build.0 = Release|Any CPU
		{17B27FD1-E05C-4A74-9975-578A52376AA6}.Release|x86.ActiveCfg = Release|Any CPU
		{17B27FD1-E05C-4A74-9975-578A52376AA6}.Release|x86.Build.0 = Release|Any CPU
		{6A709ED2-82C7-4A18-8A0C-DEFD10D771B8}.Debug|Any CPU.ActiveCfg = Debug|Any CPU
		{6A709ED2-82C7-4A18-8A0C-DEFD10D771B8}.Debug|Any CPU.Build.0 = Debug|Any CPU
		{6A709ED2-82C7-4A18-8A0C-DEFD10D771B8}.Debug|Any CPU.Deploy.0 = Debug|Any CPU
		{6A709ED2-82C7-4A18-8A0C-DEFD10D771B8}.Debug|ARM.ActiveCfg = Debug|Any CPU
		{6A709ED2-82C7-4A18-8A0C-DEFD10D771B8}.Debug|ARM.Build.0 = Debug|Any CPU
		{6A709ED2-82C7-4A18-8A0C-DEFD10D771B8}.Debug|ARM.Deploy.0 = Debug|Any CPU
		{6A709ED2-82C7-4A18-8A0C-DEFD10D771B8}.Debug|arm64.ActiveCfg = Debug|Any CPU
		{6A709ED2-82C7-4A18-8A0C-DEFD10D771B8}.Debug|arm64.Build.0 = Debug|Any CPU
		{6A709ED2-82C7-4A18-8A0C-DEFD10D771B8}.Debug|arm64.Deploy.0 = Debug|Any CPU
		{6A709ED2-82C7-4A18-8A0C-DEFD10D771B8}.Debug|iPhone.ActiveCfg = Debug|Any CPU
		{6A709ED2-82C7-4A18-8A0C-DEFD10D771B8}.Debug|iPhone.Build.0 = Debug|Any CPU
		{6A709ED2-82C7-4A18-8A0C-DEFD10D771B8}.Debug|iPhone.Deploy.0 = Debug|Any CPU
		{6A709ED2-82C7-4A18-8A0C-DEFD10D771B8}.Debug|iPhoneSimulator.ActiveCfg = Debug|Any CPU
		{6A709ED2-82C7-4A18-8A0C-DEFD10D771B8}.Debug|iPhoneSimulator.Build.0 = Debug|Any CPU
		{6A709ED2-82C7-4A18-8A0C-DEFD10D771B8}.Debug|iPhoneSimulator.Deploy.0 = Debug|Any CPU
		{6A709ED2-82C7-4A18-8A0C-DEFD10D771B8}.Debug|x64.ActiveCfg = Debug|Any CPU
		{6A709ED2-82C7-4A18-8A0C-DEFD10D771B8}.Debug|x64.Build.0 = Debug|Any CPU
		{6A709ED2-82C7-4A18-8A0C-DEFD10D771B8}.Debug|x64.Deploy.0 = Debug|Any CPU
		{6A709ED2-82C7-4A18-8A0C-DEFD10D771B8}.Debug|x86.ActiveCfg = Debug|Any CPU
		{6A709ED2-82C7-4A18-8A0C-DEFD10D771B8}.Debug|x86.Build.0 = Debug|Any CPU
		{6A709ED2-82C7-4A18-8A0C-DEFD10D771B8}.Debug|x86.Deploy.0 = Debug|Any CPU
		{6A709ED2-82C7-4A18-8A0C-DEFD10D771B8}.Release|Any CPU.ActiveCfg = Release|Any CPU
		{6A709ED2-82C7-4A18-8A0C-DEFD10D771B8}.Release|Any CPU.Build.0 = Release|Any CPU
		{6A709ED2-82C7-4A18-8A0C-DEFD10D771B8}.Release|Any CPU.Deploy.0 = Release|Any CPU
		{6A709ED2-82C7-4A18-8A0C-DEFD10D771B8}.Release|ARM.ActiveCfg = Release|Any CPU
		{6A709ED2-82C7-4A18-8A0C-DEFD10D771B8}.Release|ARM.Build.0 = Release|Any CPU
		{6A709ED2-82C7-4A18-8A0C-DEFD10D771B8}.Release|ARM.Deploy.0 = Release|Any CPU
		{6A709ED2-82C7-4A18-8A0C-DEFD10D771B8}.Release|arm64.ActiveCfg = Release|Any CPU
		{6A709ED2-82C7-4A18-8A0C-DEFD10D771B8}.Release|arm64.Build.0 = Release|Any CPU
		{6A709ED2-82C7-4A18-8A0C-DEFD10D771B8}.Release|arm64.Deploy.0 = Release|Any CPU
		{6A709ED2-82C7-4A18-8A0C-DEFD10D771B8}.Release|iPhone.ActiveCfg = Release|Any CPU
		{6A709ED2-82C7-4A18-8A0C-DEFD10D771B8}.Release|iPhone.Build.0 = Release|Any CPU
		{6A709ED2-82C7-4A18-8A0C-DEFD10D771B8}.Release|iPhone.Deploy.0 = Release|Any CPU
		{6A709ED2-82C7-4A18-8A0C-DEFD10D771B8}.Release|iPhoneSimulator.ActiveCfg = Release|Any CPU
		{6A709ED2-82C7-4A18-8A0C-DEFD10D771B8}.Release|iPhoneSimulator.Build.0 = Release|Any CPU
		{6A709ED2-82C7-4A18-8A0C-DEFD10D771B8}.Release|iPhoneSimulator.Deploy.0 = Release|Any CPU
		{6A709ED2-82C7-4A18-8A0C-DEFD10D771B8}.Release|x64.ActiveCfg = Release|Any CPU
		{6A709ED2-82C7-4A18-8A0C-DEFD10D771B8}.Release|x64.Build.0 = Release|Any CPU
		{6A709ED2-82C7-4A18-8A0C-DEFD10D771B8}.Release|x64.Deploy.0 = Release|Any CPU
		{6A709ED2-82C7-4A18-8A0C-DEFD10D771B8}.Release|x86.ActiveCfg = Release|Any CPU
		{6A709ED2-82C7-4A18-8A0C-DEFD10D771B8}.Release|x86.Build.0 = Release|Any CPU
		{6A709ED2-82C7-4A18-8A0C-DEFD10D771B8}.Release|x86.Deploy.0 = Release|Any CPU
		{B51CAB56-37E6-45B7-9E5B-043D35F93D44}.Debug|Any CPU.ActiveCfg = Debug|Any CPU
		{B51CAB56-37E6-45B7-9E5B-043D35F93D44}.Debug|Any CPU.Build.0 = Debug|Any CPU
		{B51CAB56-37E6-45B7-9E5B-043D35F93D44}.Debug|ARM.ActiveCfg = Debug|Any CPU
		{B51CAB56-37E6-45B7-9E5B-043D35F93D44}.Debug|ARM.Build.0 = Debug|Any CPU
		{B51CAB56-37E6-45B7-9E5B-043D35F93D44}.Debug|arm64.ActiveCfg = Debug|Any CPU
		{B51CAB56-37E6-45B7-9E5B-043D35F93D44}.Debug|arm64.Build.0 = Debug|Any CPU
		{B51CAB56-37E6-45B7-9E5B-043D35F93D44}.Debug|iPhone.ActiveCfg = Debug|Any CPU
		{B51CAB56-37E6-45B7-9E5B-043D35F93D44}.Debug|iPhone.Build.0 = Debug|Any CPU
		{B51CAB56-37E6-45B7-9E5B-043D35F93D44}.Debug|iPhoneSimulator.ActiveCfg = Debug|Any CPU
		{B51CAB56-37E6-45B7-9E5B-043D35F93D44}.Debug|iPhoneSimulator.Build.0 = Debug|Any CPU
		{B51CAB56-37E6-45B7-9E5B-043D35F93D44}.Debug|x64.ActiveCfg = Debug|Any CPU
		{B51CAB56-37E6-45B7-9E5B-043D35F93D44}.Debug|x64.Build.0 = Debug|Any CPU
		{B51CAB56-37E6-45B7-9E5B-043D35F93D44}.Debug|x86.ActiveCfg = Debug|Any CPU
		{B51CAB56-37E6-45B7-9E5B-043D35F93D44}.Debug|x86.Build.0 = Debug|Any CPU
		{B51CAB56-37E6-45B7-9E5B-043D35F93D44}.Release|Any CPU.ActiveCfg = Release|Any CPU
		{B51CAB56-37E6-45B7-9E5B-043D35F93D44}.Release|Any CPU.Build.0 = Release|Any CPU
		{B51CAB56-37E6-45B7-9E5B-043D35F93D44}.Release|ARM.ActiveCfg = Release|Any CPU
		{B51CAB56-37E6-45B7-9E5B-043D35F93D44}.Release|ARM.Build.0 = Release|Any CPU
		{B51CAB56-37E6-45B7-9E5B-043D35F93D44}.Release|arm64.ActiveCfg = Release|Any CPU
		{B51CAB56-37E6-45B7-9E5B-043D35F93D44}.Release|arm64.Build.0 = Release|Any CPU
		{B51CAB56-37E6-45B7-9E5B-043D35F93D44}.Release|iPhone.ActiveCfg = Release|Any CPU
		{B51CAB56-37E6-45B7-9E5B-043D35F93D44}.Release|iPhone.Build.0 = Release|Any CPU
		{B51CAB56-37E6-45B7-9E5B-043D35F93D44}.Release|iPhoneSimulator.ActiveCfg = Release|Any CPU
		{B51CAB56-37E6-45B7-9E5B-043D35F93D44}.Release|iPhoneSimulator.Build.0 = Release|Any CPU
		{B51CAB56-37E6-45B7-9E5B-043D35F93D44}.Release|x64.ActiveCfg = Release|Any CPU
		{B51CAB56-37E6-45B7-9E5B-043D35F93D44}.Release|x64.Build.0 = Release|Any CPU
		{B51CAB56-37E6-45B7-9E5B-043D35F93D44}.Release|x86.ActiveCfg = Release|Any CPU
		{B51CAB56-37E6-45B7-9E5B-043D35F93D44}.Release|x86.Build.0 = Release|Any CPU
	EndGlobalSection
	GlobalSection(SolutionProperties) = preSolution
		HideSolutionNode = FALSE
	EndGlobalSection
	GlobalSection(NestedProjects) = preSolution
		{F407F6E1-EEE2-4CAA-8D4D-AC0BB5243E6F} = {9A577E59-63A3-42E3-A0B8-92C25D443ABF}
		{32F4F2C7-EF3C-4A3B-BA86-9CD4759F7C70} = {A121FCC4-02EC-4F96-A94E-1C7D935B8B66}
		{9BB8EB7D-8C71-47CC-B524-F5C6D5A562FB} = {4B7CAF6E-6323-4F14-8DD3-FAC3D89341EE}
		{2AEF93D1-EE3C-44A7-BBF2-078D614A158F} = {4B7CAF6E-6323-4F14-8DD3-FAC3D89341EE}
		{8166DE03-DDC8-482B-B2E1-D918FD0B8143} = {4B7CAF6E-6323-4F14-8DD3-FAC3D89341EE}
		{4C9A24A5-D42C-40A0-B8AA-DC942CBB0FAD} = {68AE961F-BE46-4414-A198-0B3C14AF10E0}
		{94DF30CA-936E-4E0C-8EB2-A3CDE391B483} = {68AE961F-BE46-4414-A198-0B3C14AF10E0}
		{179E5957-8BD8-4AAC-BAD3-CDE4B30286DD} = {68AE961F-BE46-4414-A198-0B3C14AF10E0}
		{04B78821-189D-4B2C-9497-B3BE937666EF} = {68AE961F-BE46-4414-A198-0B3C14AF10E0}
		{4B7CAF6E-6323-4F14-8DD3-FAC3D89341EE} = {6A1E0C57-A046-403E-AA03-EB56913991DD}
		{24B4D827-8733-4BB9-B28C-EF6280EBF983} = {4B7CAF6E-6323-4F14-8DD3-FAC3D89341EE}
		{9A577E59-63A3-42E3-A0B8-92C25D443ABF} = {6A1E0C57-A046-403E-AA03-EB56913991DD}
		{A7CBBD90-F92E-4429-9C8B-2C06795EDCF0} = {6A1E0C57-A046-403E-AA03-EB56913991DD}
		{68AE961F-BE46-4414-A198-0B3C14AF10E0} = {5E639A96-DA0C-4C39-BC31-538597B70325}
		{72E1E98C-D339-4E40-B760-9A4ACCA2D9C8} = {A7CBBD90-F92E-4429-9C8B-2C06795EDCF0}
		{78C1EA9A-7CD5-493A-8545-14FACE729ABF} = {A7CBBD90-F92E-4429-9C8B-2C06795EDCF0}
		{A4B5484B-CF69-48D7-8972-B1A7E64A1E1B} = {A7CBBD90-F92E-4429-9C8B-2C06795EDCF0}
		{4E693B82-7F80-427B-9819-1F802349D614} = {A7CBBD90-F92E-4429-9C8B-2C06795EDCF0}
		{D9A361C2-6F41-4CC1-99C3-2DD9E1D472CE} = {A7CBBD90-F92E-4429-9C8B-2C06795EDCF0}
		{2867CF2E-49FB-403D-A613-A88CD149F173} = {6A1E0C57-A046-403E-AA03-EB56913991DD}
		{B8D40734-B77D-4E71-A58C-6B3231CE07F5} = {4B7CAF6E-6323-4F14-8DD3-FAC3D89341EE}
		{82185CDF-2871-49F6-96A6-BF8836B19754} = {4B7CAF6E-6323-4F14-8DD3-FAC3D89341EE}
		{B5F17176-E6A4-48CF-959A-433E635B0F18} = {4B7CAF6E-6323-4F14-8DD3-FAC3D89341EE}
		{4CA3CED8-ED7C-45EA-A7A2-6F6F0AA7FCCA} = {4B7CAF6E-6323-4F14-8DD3-FAC3D89341EE}
		{FB367C0E-20D8-47CB-8B2B-2AAC2A21F5EC} = {4B7CAF6E-6323-4F14-8DD3-FAC3D89341EE}
		{8E71B2DD-17A1-4C92-9D5F-639332014DE4} = {A7CBBD90-F92E-4429-9C8B-2C06795EDCF0}
		{0A991AA7-93BC-4E64-945D-89EB47654FB5} = {5E639A96-DA0C-4C39-BC31-538597B70325}
		{1CE25C03-C874-4F59-B9E1-06D3C0E07816} = {A7CBBD90-F92E-4429-9C8B-2C06795EDCF0}
		{653B6D4F-9533-4631-B60E-6429048008FA} = {A7CBBD90-F92E-4429-9C8B-2C06795EDCF0}
		{6FCBD8A2-FA30-4D4C-B344-7B20290992F3} = {A7CBBD90-F92E-4429-9C8B-2C06795EDCF0}
		{9AB0AEB7-8164-4C0F-A78B-075F68347CDD} = {A7CBBD90-F92E-4429-9C8B-2C06795EDCF0}
		{17B27FD1-E05C-4A74-9975-578A52376AA6} = {A7CBBD90-F92E-4429-9C8B-2C06795EDCF0}
		{6A709ED2-82C7-4A18-8A0C-DEFD10D771B8} = {0A991AA7-93BC-4E64-945D-89EB47654FB5}
		{B51CAB56-37E6-45B7-9E5B-043D35F93D44} = {0A991AA7-93BC-4E64-945D-89EB47654FB5}
	EndGlobalSection
	GlobalSection(ExtensibilityGlobals) = postSolution
		SolutionGuid = {3E2F7183-469C-4935-B094-FE592A3C485E}
	EndGlobalSection
EndGlobal
